// !$*UTF8*$!
{
	archiveVersion = 1;
	classes = {
	};
	objectVersion = 46;
	objects = {

/* Begin PBXBuildFile section */
		37033E331C4C9033009F27DB /* ForgetViewController.m in Sources */ = {isa = PBXBuildFile; fileRef = 37033E2B1C4C9033009F27DB /* ForgetViewController.m */; };
		37033E341C4C9033009F27DB /* ForgetViewController.xib in Resources */ = {isa = PBXBuildFile; fileRef = 37033E2C1C4C9033009F27DB /* ForgetViewController.xib */; };
		37033E351C4C9033009F27DB /* LoginViewController.m in Sources */ = {isa = PBXBuildFile; fileRef = 37033E2E1C4C9033009F27DB /* LoginViewController.m */; };
		37033E361C4C9033009F27DB /* LoginViewController.xib in Resources */ = {isa = PBXBuildFile; fileRef = 37033E2F1C4C9033009F27DB /* LoginViewController.xib */; };
		37033E371C4C9033009F27DB /* RegisterViewController.m in Sources */ = {isa = PBXBuildFile; fileRef = 37033E311C4C9033009F27DB /* RegisterViewController.m */; };
		37033E381C4C9033009F27DB /* RegisterViewController.xib in Resources */ = {isa = PBXBuildFile; fileRef = 37033E321C4C9033009F27DB /* RegisterViewController.xib */; };
		37033E401C4C910B009F27DB /* ApiAuthenCode.m in Sources */ = {isa = PBXBuildFile; fileRef = 37033E3B1C4C910B009F27DB /* ApiAuthenCode.m */; };
		37033E411C4C910B009F27DB /* ApiLoginOutRequest.m in Sources */ = {isa = PBXBuildFile; fileRef = 37033E3D1C4C910B009F27DB /* ApiLoginOutRequest.m */; };
		37033E421C4C910B009F27DB /* ApiLoginRequest.m in Sources */ = {isa = PBXBuildFile; fileRef = 37033E3F1C4C910B009F27DB /* ApiLoginRequest.m */; };
		37033E461C4C914C009F27DB /* JKCountDownButton.m in Sources */ = {isa = PBXBuildFile; fileRef = 37033E451C4C914C009F27DB /* JKCountDownButton.m */; };
		37033E4A1C4CB7EC009F27DB /* SigningViewController.m in Sources */ = {isa = PBXBuildFile; fileRef = 37033E481C4CB7EC009F27DB /* SigningViewController.m */; };
		37033E4B1C4CB7EC009F27DB /* SigningViewController.xib in Resources */ = {isa = PBXBuildFile; fileRef = 37033E491C4CB7EC009F27DB /* SigningViewController.xib */; };
		37033E4F1C4CBBCA009F27DB /* SubmitInfoViewController.m in Sources */ = {isa = PBXBuildFile; fileRef = 37033E4D1C4CBBCA009F27DB /* SubmitInfoViewController.m */; };
		37033E501C4CBBCA009F27DB /* SubmitInfoViewController.xib in Resources */ = {isa = PBXBuildFile; fileRef = 37033E4E1C4CBBCA009F27DB /* SubmitInfoViewController.xib */; };
		37E1DDC31C4DD92600245BE6 /* PersonDetailController.m in Sources */ = {isa = PBXBuildFile; fileRef = 37E1DD9E1C4DD92600245BE6 /* PersonDetailController.m */; };
		37E1DDC41C4DD92600245BE6 /* PersonDetailController.xib in Resources */ = {isa = PBXBuildFile; fileRef = 37E1DD9F1C4DD92600245BE6 /* PersonDetailController.xib */; };
		37E1DDC51C4DD92600245BE6 /* MyBookingViewController.m in Sources */ = {isa = PBXBuildFile; fileRef = 37E1DDA21C4DD92600245BE6 /* MyBookingViewController.m */; };
		37E1DDC61C4DD92600245BE6 /* MyBookingViewController.xib in Resources */ = {isa = PBXBuildFile; fileRef = 37E1DDA31C4DD92600245BE6 /* MyBookingViewController.xib */; };
		37E1DDCB1C4DD92600245BE6 /* MyMessageViewController.m in Sources */ = {isa = PBXBuildFile; fileRef = 37E1DDAE1C4DD92600245BE6 /* MyMessageViewController.m */; };
		37E1DDCC1C4DD92600245BE6 /* MyMessageViewController.xib in Resources */ = {isa = PBXBuildFile; fileRef = 37E1DDAF1C4DD92600245BE6 /* MyMessageViewController.xib */; };
		37E1DDCD1C4DD92600245BE6 /* MyViewController.m in Sources */ = {isa = PBXBuildFile; fileRef = 37E1DDB11C4DD92600245BE6 /* MyViewController.m */; };
		37E1DDCE1C4DD92600245BE6 /* MyViewController.xib in Resources */ = {isa = PBXBuildFile; fileRef = 37E1DDB21C4DD92600245BE6 /* MyViewController.xib */; };
		37E1DDCF1C4DD92600245BE6 /* AboutViewController.m in Sources */ = {isa = PBXBuildFile; fileRef = 37E1DDB61C4DD92600245BE6 /* AboutViewController.m */; };
		37E1DDD01C4DD92600245BE6 /* AboutViewController.xib in Resources */ = {isa = PBXBuildFile; fileRef = 37E1DDB71C4DD92600245BE6 /* AboutViewController.xib */; };
		37E1DDD11C4DD92600245BE6 /* ChangePasswordController.m in Sources */ = {isa = PBXBuildFile; fileRef = 37E1DDBA1C4DD92600245BE6 /* ChangePasswordController.m */; };
		37E1DDD21C4DD92600245BE6 /* ChangePasswordController.xib in Resources */ = {isa = PBXBuildFile; fileRef = 37E1DDBB1C4DD92600245BE6 /* ChangePasswordController.xib */; };
		37E1DDD31C4DD92600245BE6 /* FeedbackViewController.m in Sources */ = {isa = PBXBuildFile; fileRef = 37E1DDBE1C4DD92600245BE6 /* FeedbackViewController.m */; };
		37E1DDD41C4DD92600245BE6 /* FeedbackViewController.xib in Resources */ = {isa = PBXBuildFile; fileRef = 37E1DDBF1C4DD92600245BE6 /* FeedbackViewController.xib */; };
		37E1DDD51C4DD92600245BE6 /* SettingViewController.m in Sources */ = {isa = PBXBuildFile; fileRef = 37E1DDC11C4DD92600245BE6 /* SettingViewController.m */; };
		37E1DDD61C4DD92600245BE6 /* SettingViewController.xib in Resources */ = {isa = PBXBuildFile; fileRef = 37E1DDC21C4DD92600245BE6 /* SettingViewController.xib */; };
		37E1DDDC1C4DDA8A00245BE6 /* MyCell.m in Sources */ = {isa = PBXBuildFile; fileRef = 37E1DDDA1C4DDA8A00245BE6 /* MyCell.m */; };
		37E1DDDD1C4DDA8A00245BE6 /* MyCell.xib in Resources */ = {isa = PBXBuildFile; fileRef = 37E1DDDB1C4DDA8A00245BE6 /* MyCell.xib */; };
		37E1DDE51C4DDD3E00245BE6 /* MyClassViewController.m in Sources */ = {isa = PBXBuildFile; fileRef = 37E1DDE31C4DDD3E00245BE6 /* MyClassViewController.m */; };
		37E1DDE61C4DDD3E00245BE6 /* MyClassViewController.xib in Resources */ = {isa = PBXBuildFile; fileRef = 37E1DDE41C4DDD3E00245BE6 /* MyClassViewController.xib */; };
		37E1DDEA1C4DDD5800245BE6 /* MyClassTeacherViewController.m in Sources */ = {isa = PBXBuildFile; fileRef = 37E1DDE81C4DDD5800245BE6 /* MyClassTeacherViewController.m */; };
		37E1DDEB1C4DDD5800245BE6 /* MyClassTeacherViewController.xib in Resources */ = {isa = PBXBuildFile; fileRef = 37E1DDE91C4DDD5800245BE6 /* MyClassTeacherViewController.xib */; };
		37E1DDEF1C4DDD7400245BE6 /* MyPushMessageViewController.m in Sources */ = {isa = PBXBuildFile; fileRef = 37E1DDED1C4DDD7400245BE6 /* MyPushMessageViewController.m */; };
		37E1DDF01C4DDD7400245BE6 /* MyPushMessageViewController.xib in Resources */ = {isa = PBXBuildFile; fileRef = 37E1DDEE1C4DDD7400245BE6 /* MyPushMessageViewController.xib */; };
		37E1DDF41C4DDD8C00245BE6 /* MyStudentViewController.m in Sources */ = {isa = PBXBuildFile; fileRef = 37E1DDF21C4DDD8C00245BE6 /* MyStudentViewController.m */; };
		37E1DDF51C4DDD8C00245BE6 /* MyStudentViewController.xib in Resources */ = {isa = PBXBuildFile; fileRef = 37E1DDF31C4DDD8C00245BE6 /* MyStudentViewController.xib */; };
		37E1DDFA1C4DDE3C00245BE6 /* MyFollowViewController.m in Sources */ = {isa = PBXBuildFile; fileRef = 37E1DDF81C4DDE3C00245BE6 /* MyFollowViewController.m */; };
		37E1DDFB1C4DDE3C00245BE6 /* MyFollowViewController.xib in Resources */ = {isa = PBXBuildFile; fileRef = 37E1DDF91C4DDE3C00245BE6 /* MyFollowViewController.xib */; };
		37E1DE021C4DE29500245BE6 /* HomeViewController.m in Sources */ = {isa = PBXBuildFile; fileRef = 37E1DE001C4DE29500245BE6 /* HomeViewController.m */; };
		37E1DE031C4DE29500245BE6 /* HomeViewController.xib in Resources */ = {isa = PBXBuildFile; fileRef = 37E1DE011C4DE29500245BE6 /* HomeViewController.xib */; };
		37E1DE071C4DE2B200245BE6 /* DiscoverViewController.m in Sources */ = {isa = PBXBuildFile; fileRef = 37E1DE051C4DE2B200245BE6 /* DiscoverViewController.m */; };
		37E1DE081C4DE2B200245BE6 /* DiscoverViewController.xib in Resources */ = {isa = PBXBuildFile; fileRef = 37E1DE061C4DE2B200245BE6 /* DiscoverViewController.xib */; };
		37E1DE0C1C4DE2CC00245BE6 /* TopViewController.m in Sources */ = {isa = PBXBuildFile; fileRef = 37E1DE0A1C4DE2CC00245BE6 /* TopViewController.m */; };
		37E1DE0D1C4DE2CC00245BE6 /* TopViewController.xib in Resources */ = {isa = PBXBuildFile; fileRef = 37E1DE0B1C4DE2CC00245BE6 /* TopViewController.xib */; };
		37E1DE101C4E149800245BE6 /* ApiFindPassWord.m in Sources */ = {isa = PBXBuildFile; fileRef = 37E1DE0F1C4E149800245BE6 /* ApiFindPassWord.m */; };
		37E1DE191C4E241500245BE6 /* ApiRegisterRequest.m in Sources */ = {isa = PBXBuildFile; fileRef = 37E1DE181C4E241500245BE6 /* ApiRegisterRequest.m */; };
		37E1DE761C4E3FFF00245BE6 /* ZHPickView.m in Sources */ = {isa = PBXBuildFile; fileRef = 37E1DE751C4E3FFF00245BE6 /* ZHPickView.m */; };
		5B00D7127E6170524D8DD67E /* libPods.a in Frameworks */ = {isa = PBXBuildFile; fileRef = 7B131BB5C3C7788EB0066AC0 /* libPods.a */; };
		BE25EB341C44FC5F00068309 /* main.m in Sources */ = {isa = PBXBuildFile; fileRef = BE25EB331C44FC5F00068309 /* main.m */; };
		BE25EB371C44FC5F00068309 /* AppDelegate.m in Sources */ = {isa = PBXBuildFile; fileRef = BE25EB361C44FC5F00068309 /* AppDelegate.m */; };
		BE25EB3F1C44FC5F00068309 /* Assets.xcassets in Resources */ = {isa = PBXBuildFile; fileRef = BE25EB3E1C44FC5F00068309 /* Assets.xcassets */; };
		BE25EB421C44FC5F00068309 /* LaunchScreen.storyboard in Resources */ = {isa = PBXBuildFile; fileRef = BE25EB401C44FC5F00068309 /* LaunchScreen.storyboard */; };
		BE25EB4D1C44FC5F00068309 /* iWantuo_OrganizationTests.m in Sources */ = {isa = PBXBuildFile; fileRef = BE25EB4C1C44FC5F00068309 /* iWantuo_OrganizationTests.m */; };
		BE25EB581C44FC5F00068309 /* iWantuo_OrganizationUITests.m in Sources */ = {isa = PBXBuildFile; fileRef = BE25EB571C44FC5F00068309 /* iWantuo_OrganizationUITests.m */; };
		BE25EB6D1C44FD8500068309 /* APIClient.m in Sources */ = {isa = PBXBuildFile; fileRef = BE25EB681C44FD8500068309 /* APIClient.m */; };
		BE25EB6E1C44FD8500068309 /* APIRequest.m in Sources */ = {isa = PBXBuildFile; fileRef = BE25EB6A1C44FD8500068309 /* APIRequest.m */; };
		BE25EB6F1C44FD8500068309 /* APIResult.m in Sources */ = {isa = PBXBuildFile; fileRef = BE25EB6C1C44FD8500068309 /* APIResult.m */; };
		BE25EB981C44FD9200068309 /* NSCalendar+FSExtension.m in Sources */ = {isa = PBXBuildFile; fileRef = BE25EB731C44FD9200068309 /* NSCalendar+FSExtension.m */; };
		BE25EB991C44FD9200068309 /* NSDate+CalendarLogic.m in Sources */ = {isa = PBXBuildFile; fileRef = BE25EB751C44FD9200068309 /* NSDate+CalendarLogic.m */; };
		BE25EB9A1C44FD9200068309 /* NSDate+FSExtension.m in Sources */ = {isa = PBXBuildFile; fileRef = BE25EB771C44FD9200068309 /* NSDate+FSExtension.m */; };
		BE25EB9B1C44FD9200068309 /* NSString+Device.m in Sources */ = {isa = PBXBuildFile; fileRef = BE25EB7A1C44FD9200068309 /* NSString+Device.m */; };
		BE25EB9C1C44FD9200068309 /* NSString+Security.m in Sources */ = {isa = PBXBuildFile; fileRef = BE25EB7C1C44FD9200068309 /* NSString+Security.m */; };
		BE25EB9D1C44FD9200068309 /* NSString+Size.m in Sources */ = {isa = PBXBuildFile; fileRef = BE25EB7E1C44FD9200068309 /* NSString+Size.m */; };
		BE25EB9E1C44FD9200068309 /* NSString+Validation.m in Sources */ = {isa = PBXBuildFile; fileRef = BE25EB801C44FD9200068309 /* NSString+Validation.m */; };
		BE25EB9F1C44FD9200068309 /* NSString+Verify.m in Sources */ = {isa = PBXBuildFile; fileRef = BE25EB841C44FD9200068309 /* NSString+Verify.m */; };
		BE25EBA01C44FD9200068309 /* NSURL+Path.m in Sources */ = {isa = PBXBuildFile; fileRef = BE25EB871C44FD9200068309 /* NSURL+Path.m */; };
		BE25EBA11C44FD9200068309 /* UIColor+NSString.m in Sources */ = {isa = PBXBuildFile; fileRef = BE25EB8A1C44FD9200068309 /* UIColor+NSString.m */; };
		BE25EBA21C44FD9200068309 /* UIImage+Camera.m in Sources */ = {isa = PBXBuildFile; fileRef = BE25EB8D1C44FD9200068309 /* UIImage+Camera.m */; };
		BE25EBA31C44FD9200068309 /* UIImage+Video.m in Sources */ = {isa = PBXBuildFile; fileRef = BE25EB8F1C44FD9200068309 /* UIImage+Video.m */; };
		BE25EBA41C44FD9200068309 /* UIView+Frame.m in Sources */ = {isa = PBXBuildFile; fileRef = BE25EB921C44FD9200068309 /* UIView+Frame.m */; };
		BE25EBA51C44FD9200068309 /* UIView+GestureRecognizer.m in Sources */ = {isa = PBXBuildFile; fileRef = BE25EB941C44FD9200068309 /* UIView+GestureRecognizer.m */; };
		BE25EBA61C44FD9200068309 /* UIView+Image.m in Sources */ = {isa = PBXBuildFile; fileRef = BE25EB961C44FD9200068309 /* UIView+Image.m */; };
		BE25EBAD1C44FDA500068309 /* SystemHandler.m in Sources */ = {isa = PBXBuildFile; fileRef = BE25EBAB1C44FDA500068309 /* SystemHandler.m */; };
		BE25EBB11C44FDB300068309 /* TimerHelper.m in Sources */ = {isa = PBXBuildFile; fileRef = BE25EBB01C44FDB300068309 /* TimerHelper.m */; };
		BE25EBC11C44FDC700068309 /* AlertViewManager.m in Sources */ = {isa = PBXBuildFile; fileRef = BE25EBBC1C44FDC700068309 /* AlertViewManager.m */; };
		BE25EBC21C44FDC700068309 /* HUDManager.m in Sources */ = {isa = PBXBuildFile; fileRef = BE25EBBE1C44FDC700068309 /* HUDManager.m */; };
		BE25EBF81C44FDFE00068309 /* TPKeyboardAvoidingCollectionView.m in Sources */ = {isa = PBXBuildFile; fileRef = BE25EBE21C44FDFD00068309 /* TPKeyboardAvoidingCollectionView.m */; };
		BE25EBF91C44FDFE00068309 /* TPKeyboardAvoidingScrollView.m in Sources */ = {isa = PBXBuildFile; fileRef = BE25EBE41C44FDFD00068309 /* TPKeyboardAvoidingScrollView.m */; };
		BE25EBFA1C44FDFE00068309 /* TPKeyboardAvoidingTableView.m in Sources */ = {isa = PBXBuildFile; fileRef = BE25EBE61C44FDFD00068309 /* TPKeyboardAvoidingTableView.m */; };
		BE25EBFB1C44FDFE00068309 /* UIScrollView+TPKeyboardAvoidingAdditions.m in Sources */ = {isa = PBXBuildFile; fileRef = BE25EBE81C44FDFD00068309 /* UIScrollView+TPKeyboardAvoidingAdditions.m */; };
		BE25EC021C45018800068309 /* ValueUtils.m in Sources */ = {isa = PBXBuildFile; fileRef = BE25EC011C45018800068309 /* ValueUtils.m */; };
		BE25EC161C4501C000068309 /* BaseViewController.m in Sources */ = {isa = PBXBuildFile; fileRef = BE25EC051C4501C000068309 /* BaseViewController.m */; };
		BEE4D9F51C489BBB00510308 /* libMobClickLibrary.a in Frameworks */ = {isa = PBXBuildFile; fileRef = BEE4D9F21C489BBB00510308 /* libMobClickLibrary.a */; };
		BEE4DA031C48BFB300510308 /* libGeTuiSdk-1.3.2.a in Frameworks */ = {isa = PBXBuildFile; fileRef = BEE4DA021C48BFB300510308 /* libGeTuiSdk-1.3.2.a */; };
		BEE4DA051C48C06D00510308 /* libz.tbd in Frameworks */ = {isa = PBXBuildFile; fileRef = BEE4DA041C48C06D00510308 /* libz.tbd */; };
		BEE4DA071C48C07400510308 /* libsqlite3.tbd in Frameworks */ = {isa = PBXBuildFile; fileRef = BEE4DA061C48C07400510308 /* libsqlite3.tbd */; };
		BEE4DA091C48C07B00510308 /* CFNetwork.framework in Frameworks */ = {isa = PBXBuildFile; fileRef = BEE4DA081C48C07B00510308 /* CFNetwork.framework */; };
		BEE4DA0B1C48C08100510308 /* SystemConfiguration.framework in Frameworks */ = {isa = PBXBuildFile; fileRef = BEE4DA0A1C48C08100510308 /* SystemConfiguration.framework */; };
		BEE4DA0D1C48C08C00510308 /* CoreTelephony.framework in Frameworks */ = {isa = PBXBuildFile; fileRef = BEE4DA0C1C48C08C00510308 /* CoreTelephony.framework */; };
		BEE4DA0F1C48C09300510308 /* AVFoundation.framework in Frameworks */ = {isa = PBXBuildFile; fileRef = BEE4DA0E1C48C09300510308 /* AVFoundation.framework */; };
		BEE4DA111C48C09900510308 /* CoreLocation.framework in Frameworks */ = {isa = PBXBuildFile; fileRef = BEE4DA101C48C09900510308 /* CoreLocation.framework */; };
		BEE4DA131C48C09F00510308 /* CoreBluetooth.framework in Frameworks */ = {isa = PBXBuildFile; fileRef = BEE4DA121C48C09F00510308 /* CoreBluetooth.framework */; };
/* End PBXBuildFile section */

/* Begin PBXContainerItemProxy section */
		BE25EB491C44FC5F00068309 /* PBXContainerItemProxy */ = {
			isa = PBXContainerItemProxy;
			containerPortal = BE25EB271C44FC5F00068309 /* Project object */;
			proxyType = 1;
			remoteGlobalIDString = BE25EB2E1C44FC5F00068309;
			remoteInfo = iWantuo_Organization;
		};
		BE25EB541C44FC5F00068309 /* PBXContainerItemProxy */ = {
			isa = PBXContainerItemProxy;
			containerPortal = BE25EB271C44FC5F00068309 /* Project object */;
			proxyType = 1;
			remoteGlobalIDString = BE25EB2E1C44FC5F00068309;
			remoteInfo = iWantuo_Organization;
		};
/* End PBXContainerItemProxy section */

/* Begin PBXFileReference section */
		37033E2A1C4C9033009F27DB /* ForgetViewController.h */ = {isa = PBXFileReference; fileEncoding = 4; lastKnownFileType = sourcecode.c.h; path = ForgetViewController.h; sourceTree = "<group>"; };
		37033E2B1C4C9033009F27DB /* ForgetViewController.m */ = {isa = PBXFileReference; fileEncoding = 4; lastKnownFileType = sourcecode.c.objc; path = ForgetViewController.m; sourceTree = "<group>"; };
		37033E2C1C4C9033009F27DB /* ForgetViewController.xib */ = {isa = PBXFileReference; fileEncoding = 4; lastKnownFileType = file.xib; path = ForgetViewController.xib; sourceTree = "<group>"; };
		37033E2D1C4C9033009F27DB /* LoginViewController.h */ = {isa = PBXFileReference; fileEncoding = 4; lastKnownFileType = sourcecode.c.h; path = LoginViewController.h; sourceTree = "<group>"; };
		37033E2E1C4C9033009F27DB /* LoginViewController.m */ = {isa = PBXFileReference; fileEncoding = 4; lastKnownFileType = sourcecode.c.objc; path = LoginViewController.m; sourceTree = "<group>"; };
		37033E2F1C4C9033009F27DB /* LoginViewController.xib */ = {isa = PBXFileReference; fileEncoding = 4; lastKnownFileType = file.xib; path = LoginViewController.xib; sourceTree = "<group>"; };
		37033E301C4C9033009F27DB /* RegisterViewController.h */ = {isa = PBXFileReference; fileEncoding = 4; lastKnownFileType = sourcecode.c.h; path = RegisterViewController.h; sourceTree = "<group>"; };
		37033E311C4C9033009F27DB /* RegisterViewController.m */ = {isa = PBXFileReference; fileEncoding = 4; lastKnownFileType = sourcecode.c.objc; path = RegisterViewController.m; sourceTree = "<group>"; };
		37033E321C4C9033009F27DB /* RegisterViewController.xib */ = {isa = PBXFileReference; fileEncoding = 4; lastKnownFileType = file.xib; path = RegisterViewController.xib; sourceTree = "<group>"; };
		37033E3A1C4C910B009F27DB /* ApiAuthenCode.h */ = {isa = PBXFileReference; fileEncoding = 4; lastKnownFileType = sourcecode.c.h; path = ApiAuthenCode.h; sourceTree = "<group>"; };
		37033E3B1C4C910B009F27DB /* ApiAuthenCode.m */ = {isa = PBXFileReference; fileEncoding = 4; lastKnownFileType = sourcecode.c.objc; path = ApiAuthenCode.m; sourceTree = "<group>"; };
		37033E3C1C4C910B009F27DB /* ApiLoginOutRequest.h */ = {isa = PBXFileReference; fileEncoding = 4; lastKnownFileType = sourcecode.c.h; path = ApiLoginOutRequest.h; sourceTree = "<group>"; };
		37033E3D1C4C910B009F27DB /* ApiLoginOutRequest.m */ = {isa = PBXFileReference; fileEncoding = 4; lastKnownFileType = sourcecode.c.objc; path = ApiLoginOutRequest.m; sourceTree = "<group>"; };
		37033E3E1C4C910B009F27DB /* ApiLoginRequest.h */ = {isa = PBXFileReference; fileEncoding = 4; lastKnownFileType = sourcecode.c.h; path = ApiLoginRequest.h; sourceTree = "<group>"; };
		37033E3F1C4C910B009F27DB /* ApiLoginRequest.m */ = {isa = PBXFileReference; fileEncoding = 4; lastKnownFileType = sourcecode.c.objc; path = ApiLoginRequest.m; sourceTree = "<group>"; };
		37033E441C4C914C009F27DB /* JKCountDownButton.h */ = {isa = PBXFileReference; fileEncoding = 4; lastKnownFileType = sourcecode.c.h; path = JKCountDownButton.h; sourceTree = "<group>"; };
		37033E451C4C914C009F27DB /* JKCountDownButton.m */ = {isa = PBXFileReference; fileEncoding = 4; lastKnownFileType = sourcecode.c.objc; path = JKCountDownButton.m; sourceTree = "<group>"; };
		37033E471C4CB7EC009F27DB /* SigningViewController.h */ = {isa = PBXFileReference; fileEncoding = 4; lastKnownFileType = sourcecode.c.h; path = SigningViewController.h; sourceTree = "<group>"; };
		37033E481C4CB7EC009F27DB /* SigningViewController.m */ = {isa = PBXFileReference; fileEncoding = 4; lastKnownFileType = sourcecode.c.objc; path = SigningViewController.m; sourceTree = "<group>"; };
		37033E491C4CB7EC009F27DB /* SigningViewController.xib */ = {isa = PBXFileReference; fileEncoding = 4; lastKnownFileType = file.xib; path = SigningViewController.xib; sourceTree = "<group>"; };
		37033E4C1C4CBBCA009F27DB /* SubmitInfoViewController.h */ = {isa = PBXFileReference; fileEncoding = 4; lastKnownFileType = sourcecode.c.h; path = SubmitInfoViewController.h; sourceTree = "<group>"; };
		37033E4D1C4CBBCA009F27DB /* SubmitInfoViewController.m */ = {isa = PBXFileReference; fileEncoding = 4; lastKnownFileType = sourcecode.c.objc; path = SubmitInfoViewController.m; sourceTree = "<group>"; };
		37033E4E1C4CBBCA009F27DB /* SubmitInfoViewController.xib */ = {isa = PBXFileReference; fileEncoding = 4; lastKnownFileType = file.xib; path = SubmitInfoViewController.xib; sourceTree = "<group>"; };
		37E1DD9D1C4DD92600245BE6 /* PersonDetailController.h */ = {isa = PBXFileReference; fileEncoding = 4; lastKnownFileType = sourcecode.c.h; path = PersonDetailController.h; sourceTree = "<group>"; };
		37E1DD9E1C4DD92600245BE6 /* PersonDetailController.m */ = {isa = PBXFileReference; fileEncoding = 4; lastKnownFileType = sourcecode.c.objc; path = PersonDetailController.m; sourceTree = "<group>"; };
		37E1DD9F1C4DD92600245BE6 /* PersonDetailController.xib */ = {isa = PBXFileReference; fileEncoding = 4; lastKnownFileType = file.xib; path = PersonDetailController.xib; sourceTree = "<group>"; };
		37E1DDA11C4DD92600245BE6 /* MyBookingViewController.h */ = {isa = PBXFileReference; fileEncoding = 4; lastKnownFileType = sourcecode.c.h; path = MyBookingViewController.h; sourceTree = "<group>"; };
		37E1DDA21C4DD92600245BE6 /* MyBookingViewController.m */ = {isa = PBXFileReference; fileEncoding = 4; lastKnownFileType = sourcecode.c.objc; path = MyBookingViewController.m; sourceTree = "<group>"; };
		37E1DDA31C4DD92600245BE6 /* MyBookingViewController.xib */ = {isa = PBXFileReference; fileEncoding = 4; lastKnownFileType = file.xib; path = MyBookingViewController.xib; sourceTree = "<group>"; };
		37E1DDAD1C4DD92600245BE6 /* MyMessageViewController.h */ = {isa = PBXFileReference; fileEncoding = 4; lastKnownFileType = sourcecode.c.h; path = MyMessageViewController.h; sourceTree = "<group>"; };
		37E1DDAE1C4DD92600245BE6 /* MyMessageViewController.m */ = {isa = PBXFileReference; fileEncoding = 4; lastKnownFileType = sourcecode.c.objc; path = MyMessageViewController.m; sourceTree = "<group>"; };
		37E1DDAF1C4DD92600245BE6 /* MyMessageViewController.xib */ = {isa = PBXFileReference; fileEncoding = 4; lastKnownFileType = file.xib; path = MyMessageViewController.xib; sourceTree = "<group>"; };
		37E1DDB01C4DD92600245BE6 /* MyViewController.h */ = {isa = PBXFileReference; fileEncoding = 4; lastKnownFileType = sourcecode.c.h; path = MyViewController.h; sourceTree = "<group>"; };
		37E1DDB11C4DD92600245BE6 /* MyViewController.m */ = {isa = PBXFileReference; fileEncoding = 4; lastKnownFileType = sourcecode.c.objc; path = MyViewController.m; sourceTree = "<group>"; };
		37E1DDB21C4DD92600245BE6 /* MyViewController.xib */ = {isa = PBXFileReference; fileEncoding = 4; lastKnownFileType = file.xib; path = MyViewController.xib; sourceTree = "<group>"; };
		37E1DDB51C4DD92600245BE6 /* AboutViewController.h */ = {isa = PBXFileReference; fileEncoding = 4; lastKnownFileType = sourcecode.c.h; path = AboutViewController.h; sourceTree = "<group>"; };
		37E1DDB61C4DD92600245BE6 /* AboutViewController.m */ = {isa = PBXFileReference; fileEncoding = 4; lastKnownFileType = sourcecode.c.objc; path = AboutViewController.m; sourceTree = "<group>"; };
		37E1DDB71C4DD92600245BE6 /* AboutViewController.xib */ = {isa = PBXFileReference; fileEncoding = 4; lastKnownFileType = file.xib; path = AboutViewController.xib; sourceTree = "<group>"; };
		37E1DDB91C4DD92600245BE6 /* ChangePasswordController.h */ = {isa = PBXFileReference; fileEncoding = 4; lastKnownFileType = sourcecode.c.h; path = ChangePasswordController.h; sourceTree = "<group>"; };
		37E1DDBA1C4DD92600245BE6 /* ChangePasswordController.m */ = {isa = PBXFileReference; fileEncoding = 4; lastKnownFileType = sourcecode.c.objc; path = ChangePasswordController.m; sourceTree = "<group>"; };
		37E1DDBB1C4DD92600245BE6 /* ChangePasswordController.xib */ = {isa = PBXFileReference; fileEncoding = 4; lastKnownFileType = file.xib; path = ChangePasswordController.xib; sourceTree = "<group>"; };
		37E1DDBD1C4DD92600245BE6 /* FeedbackViewController.h */ = {isa = PBXFileReference; fileEncoding = 4; lastKnownFileType = sourcecode.c.h; path = FeedbackViewController.h; sourceTree = "<group>"; };
		37E1DDBE1C4DD92600245BE6 /* FeedbackViewController.m */ = {isa = PBXFileReference; fileEncoding = 4; lastKnownFileType = sourcecode.c.objc; path = FeedbackViewController.m; sourceTree = "<group>"; };
		37E1DDBF1C4DD92600245BE6 /* FeedbackViewController.xib */ = {isa = PBXFileReference; fileEncoding = 4; lastKnownFileType = file.xib; path = FeedbackViewController.xib; sourceTree = "<group>"; };
		37E1DDC01C4DD92600245BE6 /* SettingViewController.h */ = {isa = PBXFileReference; fileEncoding = 4; lastKnownFileType = sourcecode.c.h; path = SettingViewController.h; sourceTree = "<group>"; };
		37E1DDC11C4DD92600245BE6 /* SettingViewController.m */ = {isa = PBXFileReference; fileEncoding = 4; lastKnownFileType = sourcecode.c.objc; path = SettingViewController.m; sourceTree = "<group>"; };
		37E1DDC21C4DD92600245BE6 /* SettingViewController.xib */ = {isa = PBXFileReference; fileEncoding = 4; lastKnownFileType = file.xib; path = SettingViewController.xib; sourceTree = "<group>"; };
		37E1DDD91C4DDA8A00245BE6 /* MyCell.h */ = {isa = PBXFileReference; fileEncoding = 4; lastKnownFileType = sourcecode.c.h; path = MyCell.h; sourceTree = "<group>"; };
		37E1DDDA1C4DDA8A00245BE6 /* MyCell.m */ = {isa = PBXFileReference; fileEncoding = 4; lastKnownFileType = sourcecode.c.objc; path = MyCell.m; sourceTree = "<group>"; };
		37E1DDDB1C4DDA8A00245BE6 /* MyCell.xib */ = {isa = PBXFileReference; fileEncoding = 4; lastKnownFileType = file.xib; path = MyCell.xib; sourceTree = "<group>"; };
		37E1DDE21C4DDD3E00245BE6 /* MyClassViewController.h */ = {isa = PBXFileReference; fileEncoding = 4; lastKnownFileType = sourcecode.c.h; path = MyClassViewController.h; sourceTree = "<group>"; };
		37E1DDE31C4DDD3E00245BE6 /* MyClassViewController.m */ = {isa = PBXFileReference; fileEncoding = 4; lastKnownFileType = sourcecode.c.objc; path = MyClassViewController.m; sourceTree = "<group>"; };
		37E1DDE41C4DDD3E00245BE6 /* MyClassViewController.xib */ = {isa = PBXFileReference; fileEncoding = 4; lastKnownFileType = file.xib; path = MyClassViewController.xib; sourceTree = "<group>"; };
		37E1DDE71C4DDD5800245BE6 /* MyClassTeacherViewController.h */ = {isa = PBXFileReference; fileEncoding = 4; lastKnownFileType = sourcecode.c.h; path = MyClassTeacherViewController.h; sourceTree = "<group>"; };
		37E1DDE81C4DDD5800245BE6 /* MyClassTeacherViewController.m */ = {isa = PBXFileReference; fileEncoding = 4; lastKnownFileType = sourcecode.c.objc; path = MyClassTeacherViewController.m; sourceTree = "<group>"; };
		37E1DDE91C4DDD5800245BE6 /* MyClassTeacherViewController.xib */ = {isa = PBXFileReference; fileEncoding = 4; lastKnownFileType = file.xib; path = MyClassTeacherViewController.xib; sourceTree = "<group>"; };
		37E1DDEC1C4DDD7400245BE6 /* MyPushMessageViewController.h */ = {isa = PBXFileReference; fileEncoding = 4; lastKnownFileType = sourcecode.c.h; path = MyPushMessageViewController.h; sourceTree = "<group>"; };
		37E1DDED1C4DDD7400245BE6 /* MyPushMessageViewController.m */ = {isa = PBXFileReference; fileEncoding = 4; lastKnownFileType = sourcecode.c.objc; path = MyPushMessageViewController.m; sourceTree = "<group>"; };
		37E1DDEE1C4DDD7400245BE6 /* MyPushMessageViewController.xib */ = {isa = PBXFileReference; fileEncoding = 4; lastKnownFileType = file.xib; path = MyPushMessageViewController.xib; sourceTree = "<group>"; };
		37E1DDF11C4DDD8C00245BE6 /* MyStudentViewController.h */ = {isa = PBXFileReference; fileEncoding = 4; lastKnownFileType = sourcecode.c.h; path = MyStudentViewController.h; sourceTree = "<group>"; };
		37E1DDF21C4DDD8C00245BE6 /* MyStudentViewController.m */ = {isa = PBXFileReference; fileEncoding = 4; lastKnownFileType = sourcecode.c.objc; path = MyStudentViewController.m; sourceTree = "<group>"; };
		37E1DDF31C4DDD8C00245BE6 /* MyStudentViewController.xib */ = {isa = PBXFileReference; fileEncoding = 4; lastKnownFileType = file.xib; path = MyStudentViewController.xib; sourceTree = "<group>"; };
		37E1DDF71C4DDE3C00245BE6 /* MyFollowViewController.h */ = {isa = PBXFileReference; fileEncoding = 4; lastKnownFileType = sourcecode.c.h; path = MyFollowViewController.h; sourceTree = "<group>"; };
		37E1DDF81C4DDE3C00245BE6 /* MyFollowViewController.m */ = {isa = PBXFileReference; fileEncoding = 4; lastKnownFileType = sourcecode.c.objc; path = MyFollowViewController.m; sourceTree = "<group>"; };
		37E1DDF91C4DDE3C00245BE6 /* MyFollowViewController.xib */ = {isa = PBXFileReference; fileEncoding = 4; lastKnownFileType = file.xib; path = MyFollowViewController.xib; sourceTree = "<group>"; };
		37E1DDFF1C4DE29500245BE6 /* HomeViewController.h */ = {isa = PBXFileReference; fileEncoding = 4; lastKnownFileType = sourcecode.c.h; path = HomeViewController.h; sourceTree = "<group>"; };
		37E1DE001C4DE29500245BE6 /* HomeViewController.m */ = {isa = PBXFileReference; fileEncoding = 4; lastKnownFileType = sourcecode.c.objc; path = HomeViewController.m; sourceTree = "<group>"; };
		37E1DE011C4DE29500245BE6 /* HomeViewController.xib */ = {isa = PBXFileReference; fileEncoding = 4; lastKnownFileType = file.xib; path = HomeViewController.xib; sourceTree = "<group>"; };
		37E1DE041C4DE2B200245BE6 /* DiscoverViewController.h */ = {isa = PBXFileReference; fileEncoding = 4; lastKnownFileType = sourcecode.c.h; path = DiscoverViewController.h; sourceTree = "<group>"; };
		37E1DE051C4DE2B200245BE6 /* DiscoverViewController.m */ = {isa = PBXFileReference; fileEncoding = 4; lastKnownFileType = sourcecode.c.objc; path = DiscoverViewController.m; sourceTree = "<group>"; };
		37E1DE061C4DE2B200245BE6 /* DiscoverViewController.xib */ = {isa = PBXFileReference; fileEncoding = 4; lastKnownFileType = file.xib; path = DiscoverViewController.xib; sourceTree = "<group>"; };
		37E1DE091C4DE2CC00245BE6 /* TopViewController.h */ = {isa = PBXFileReference; fileEncoding = 4; lastKnownFileType = sourcecode.c.h; path = TopViewController.h; sourceTree = "<group>"; };
		37E1DE0A1C4DE2CC00245BE6 /* TopViewController.m */ = {isa = PBXFileReference; fileEncoding = 4; lastKnownFileType = sourcecode.c.objc; path = TopViewController.m; sourceTree = "<group>"; };
		37E1DE0B1C4DE2CC00245BE6 /* TopViewController.xib */ = {isa = PBXFileReference; fileEncoding = 4; lastKnownFileType = file.xib; path = TopViewController.xib; sourceTree = "<group>"; };
		37E1DE0E1C4E149800245BE6 /* ApiFindPassWord.h */ = {isa = PBXFileReference; fileEncoding = 4; lastKnownFileType = sourcecode.c.h; path = ApiFindPassWord.h; sourceTree = "<group>"; };
		37E1DE0F1C4E149800245BE6 /* ApiFindPassWord.m */ = {isa = PBXFileReference; fileEncoding = 4; lastKnownFileType = sourcecode.c.objc; path = ApiFindPassWord.m; sourceTree = "<group>"; };
		37E1DE171C4E241500245BE6 /* ApiRegisterRequest.h */ = {isa = PBXFileReference; fileEncoding = 4; lastKnownFileType = sourcecode.c.h; path = ApiRegisterRequest.h; sourceTree = "<group>"; };
		37E1DE181C4E241500245BE6 /* ApiRegisterRequest.m */ = {isa = PBXFileReference; fileEncoding = 4; lastKnownFileType = sourcecode.c.objc; path = ApiRegisterRequest.m; sourceTree = "<group>"; };
		37E1DE741C4E3FFF00245BE6 /* ZHPickView.h */ = {isa = PBXFileReference; fileEncoding = 4; lastKnownFileType = sourcecode.c.h; path = ZHPickView.h; sourceTree = "<group>"; };
		37E1DE751C4E3FFF00245BE6 /* ZHPickView.m */ = {isa = PBXFileReference; fileEncoding = 4; lastKnownFileType = sourcecode.c.objc; path = ZHPickView.m; sourceTree = "<group>"; };
		7B131BB5C3C7788EB0066AC0 /* libPods.a */ = {isa = PBXFileReference; explicitFileType = archive.ar; includeInIndex = 0; path = libPods.a; sourceTree = BUILT_PRODUCTS_DIR; };
		ACA8CD8FCCEFD0CEA801BB92 /* Pods.debug.xcconfig */ = {isa = PBXFileReference; includeInIndex = 1; lastKnownFileType = text.xcconfig; name = Pods.debug.xcconfig; path = "Pods/Target Support Files/Pods/Pods.debug.xcconfig"; sourceTree = "<group>"; };
		BE25EB2F1C44FC5F00068309 /* iWantuo_Organization.app */ = {isa = PBXFileReference; explicitFileType = wrapper.application; includeInIndex = 0; path = iWantuo_Organization.app; sourceTree = BUILT_PRODUCTS_DIR; };
		BE25EB331C44FC5F00068309 /* main.m */ = {isa = PBXFileReference; lastKnownFileType = sourcecode.c.objc; path = main.m; sourceTree = "<group>"; };
		BE25EB351C44FC5F00068309 /* AppDelegate.h */ = {isa = PBXFileReference; lastKnownFileType = sourcecode.c.h; path = AppDelegate.h; sourceTree = "<group>"; };
		BE25EB361C44FC5F00068309 /* AppDelegate.m */ = {isa = PBXFileReference; lastKnownFileType = sourcecode.c.objc; path = AppDelegate.m; sourceTree = "<group>"; };
		BE25EB3E1C44FC5F00068309 /* Assets.xcassets */ = {isa = PBXFileReference; lastKnownFileType = folder.assetcatalog; path = Assets.xcassets; sourceTree = "<group>"; };
		BE25EB411C44FC5F00068309 /* Base */ = {isa = PBXFileReference; lastKnownFileType = file.storyboard; name = Base; path = Base.lproj/LaunchScreen.storyboard; sourceTree = "<group>"; };
		BE25EB431C44FC5F00068309 /* Info.plist */ = {isa = PBXFileReference; lastKnownFileType = text.plist.xml; path = Info.plist; sourceTree = "<group>"; };
		BE25EB481C44FC5F00068309 /* iWantuo_OrganizationTests.xctest */ = {isa = PBXFileReference; explicitFileType = wrapper.cfbundle; includeInIndex = 0; path = iWantuo_OrganizationTests.xctest; sourceTree = BUILT_PRODUCTS_DIR; };
		BE25EB4C1C44FC5F00068309 /* iWantuo_OrganizationTests.m */ = {isa = PBXFileReference; lastKnownFileType = sourcecode.c.objc; path = iWantuo_OrganizationTests.m; sourceTree = "<group>"; };
		BE25EB4E1C44FC5F00068309 /* Info.plist */ = {isa = PBXFileReference; lastKnownFileType = text.plist.xml; path = Info.plist; sourceTree = "<group>"; };
		BE25EB531C44FC5F00068309 /* iWantuo_OrganizationUITests.xctest */ = {isa = PBXFileReference; explicitFileType = wrapper.cfbundle; includeInIndex = 0; path = iWantuo_OrganizationUITests.xctest; sourceTree = BUILT_PRODUCTS_DIR; };
		BE25EB571C44FC5F00068309 /* iWantuo_OrganizationUITests.m */ = {isa = PBXFileReference; lastKnownFileType = sourcecode.c.objc; path = iWantuo_OrganizationUITests.m; sourceTree = "<group>"; };
		BE25EB591C44FC5F00068309 /* Info.plist */ = {isa = PBXFileReference; lastKnownFileType = text.plist.xml; path = Info.plist; sourceTree = "<group>"; };
		BE25EB671C44FD8500068309 /* APIClient.h */ = {isa = PBXFileReference; fileEncoding = 4; lastKnownFileType = sourcecode.c.h; path = APIClient.h; sourceTree = "<group>"; };
		BE25EB681C44FD8500068309 /* APIClient.m */ = {isa = PBXFileReference; fileEncoding = 4; lastKnownFileType = sourcecode.c.objc; path = APIClient.m; sourceTree = "<group>"; };
		BE25EB691C44FD8500068309 /* APIRequest.h */ = {isa = PBXFileReference; fileEncoding = 4; lastKnownFileType = sourcecode.c.h; path = APIRequest.h; sourceTree = "<group>"; };
		BE25EB6A1C44FD8500068309 /* APIRequest.m */ = {isa = PBXFileReference; fileEncoding = 4; lastKnownFileType = sourcecode.c.objc; path = APIRequest.m; sourceTree = "<group>"; };
		BE25EB6B1C44FD8500068309 /* APIResult.h */ = {isa = PBXFileReference; fileEncoding = 4; lastKnownFileType = sourcecode.c.h; path = APIResult.h; sourceTree = "<group>"; };
		BE25EB6C1C44FD8500068309 /* APIResult.m */ = {isa = PBXFileReference; fileEncoding = 4; lastKnownFileType = sourcecode.c.objc; path = APIResult.m; sourceTree = "<group>"; };
		BE25EB721C44FD9200068309 /* NSCalendar+FSExtension.h */ = {isa = PBXFileReference; fileEncoding = 4; lastKnownFileType = sourcecode.c.h; path = "NSCalendar+FSExtension.h"; sourceTree = "<group>"; };
		BE25EB731C44FD9200068309 /* NSCalendar+FSExtension.m */ = {isa = PBXFileReference; fileEncoding = 4; lastKnownFileType = sourcecode.c.objc; path = "NSCalendar+FSExtension.m"; sourceTree = "<group>"; };
		BE25EB741C44FD9200068309 /* NSDate+CalendarLogic.h */ = {isa = PBXFileReference; fileEncoding = 4; lastKnownFileType = sourcecode.c.h; path = "NSDate+CalendarLogic.h"; sourceTree = "<group>"; };
		BE25EB751C44FD9200068309 /* NSDate+CalendarLogic.m */ = {isa = PBXFileReference; fileEncoding = 4; lastKnownFileType = sourcecode.c.objc; path = "NSDate+CalendarLogic.m"; sourceTree = "<group>"; };
		BE25EB761C44FD9200068309 /* NSDate+FSExtension.h */ = {isa = PBXFileReference; fileEncoding = 4; lastKnownFileType = sourcecode.c.h; path = "NSDate+FSExtension.h"; sourceTree = "<group>"; };
		BE25EB771C44FD9200068309 /* NSDate+FSExtension.m */ = {isa = PBXFileReference; fileEncoding = 4; lastKnownFileType = sourcecode.c.objc; path = "NSDate+FSExtension.m"; sourceTree = "<group>"; };
		BE25EB791C44FD9200068309 /* NSString+Device.h */ = {isa = PBXFileReference; fileEncoding = 4; lastKnownFileType = sourcecode.c.h; path = "NSString+Device.h"; sourceTree = "<group>"; };
		BE25EB7A1C44FD9200068309 /* NSString+Device.m */ = {isa = PBXFileReference; fileEncoding = 4; lastKnownFileType = sourcecode.c.objc; path = "NSString+Device.m"; sourceTree = "<group>"; };
		BE25EB7B1C44FD9200068309 /* NSString+Security.h */ = {isa = PBXFileReference; fileEncoding = 4; lastKnownFileType = sourcecode.c.h; path = "NSString+Security.h"; sourceTree = "<group>"; };
		BE25EB7C1C44FD9200068309 /* NSString+Security.m */ = {isa = PBXFileReference; fileEncoding = 4; lastKnownFileType = sourcecode.c.objc; path = "NSString+Security.m"; sourceTree = "<group>"; };
		BE25EB7D1C44FD9200068309 /* NSString+Size.h */ = {isa = PBXFileReference; fileEncoding = 4; lastKnownFileType = sourcecode.c.h; path = "NSString+Size.h"; sourceTree = "<group>"; };
		BE25EB7E1C44FD9200068309 /* NSString+Size.m */ = {isa = PBXFileReference; fileEncoding = 4; lastKnownFileType = sourcecode.c.objc; path = "NSString+Size.m"; sourceTree = "<group>"; };
		BE25EB7F1C44FD9200068309 /* NSString+Validation.h */ = {isa = PBXFileReference; fileEncoding = 4; lastKnownFileType = sourcecode.c.h; path = "NSString+Validation.h"; sourceTree = "<group>"; };
		BE25EB801C44FD9200068309 /* NSString+Validation.m */ = {isa = PBXFileReference; fileEncoding = 4; lastKnownFileType = sourcecode.c.objc; path = "NSString+Validation.m"; sourceTree = "<group>"; };
		BE25EB831C44FD9200068309 /* NSString+Verify.h */ = {isa = PBXFileReference; fileEncoding = 4; lastKnownFileType = sourcecode.c.h; path = "NSString+Verify.h"; sourceTree = "<group>"; };
		BE25EB841C44FD9200068309 /* NSString+Verify.m */ = {isa = PBXFileReference; fileEncoding = 4; lastKnownFileType = sourcecode.c.objc; path = "NSString+Verify.m"; sourceTree = "<group>"; };
		BE25EB861C44FD9200068309 /* NSURL+Path.h */ = {isa = PBXFileReference; fileEncoding = 4; lastKnownFileType = sourcecode.c.h; path = "NSURL+Path.h"; sourceTree = "<group>"; };
		BE25EB871C44FD9200068309 /* NSURL+Path.m */ = {isa = PBXFileReference; fileEncoding = 4; lastKnownFileType = sourcecode.c.objc; path = "NSURL+Path.m"; sourceTree = "<group>"; };
		BE25EB891C44FD9200068309 /* UIColor+NSString.h */ = {isa = PBXFileReference; fileEncoding = 4; lastKnownFileType = sourcecode.c.h; path = "UIColor+NSString.h"; sourceTree = "<group>"; };
		BE25EB8A1C44FD9200068309 /* UIColor+NSString.m */ = {isa = PBXFileReference; fileEncoding = 4; lastKnownFileType = sourcecode.c.objc; path = "UIColor+NSString.m"; sourceTree = "<group>"; };
		BE25EB8C1C44FD9200068309 /* UIImage+Camera.h */ = {isa = PBXFileReference; fileEncoding = 4; lastKnownFileType = sourcecode.c.h; path = "UIImage+Camera.h"; sourceTree = "<group>"; };
		BE25EB8D1C44FD9200068309 /* UIImage+Camera.m */ = {isa = PBXFileReference; fileEncoding = 4; lastKnownFileType = sourcecode.c.objc; path = "UIImage+Camera.m"; sourceTree = "<group>"; };
		BE25EB8E1C44FD9200068309 /* UIImage+Video.h */ = {isa = PBXFileReference; fileEncoding = 4; lastKnownFileType = sourcecode.c.h; path = "UIImage+Video.h"; sourceTree = "<group>"; };
		BE25EB8F1C44FD9200068309 /* UIImage+Video.m */ = {isa = PBXFileReference; fileEncoding = 4; lastKnownFileType = sourcecode.c.objc; path = "UIImage+Video.m"; sourceTree = "<group>"; };
		BE25EB911C44FD9200068309 /* UIView+Frame.h */ = {isa = PBXFileReference; fileEncoding = 4; lastKnownFileType = sourcecode.c.h; path = "UIView+Frame.h"; sourceTree = "<group>"; };
		BE25EB921C44FD9200068309 /* UIView+Frame.m */ = {isa = PBXFileReference; fileEncoding = 4; lastKnownFileType = sourcecode.c.objc; path = "UIView+Frame.m"; sourceTree = "<group>"; };
		BE25EB931C44FD9200068309 /* UIView+GestureRecognizer.h */ = {isa = PBXFileReference; fileEncoding = 4; lastKnownFileType = sourcecode.c.h; path = "UIView+GestureRecognizer.h"; sourceTree = "<group>"; };
		BE25EB941C44FD9200068309 /* UIView+GestureRecognizer.m */ = {isa = PBXFileReference; fileEncoding = 4; lastKnownFileType = sourcecode.c.objc; path = "UIView+GestureRecognizer.m"; sourceTree = "<group>"; };
		BE25EB951C44FD9200068309 /* UIView+Image.h */ = {isa = PBXFileReference; fileEncoding = 4; lastKnownFileType = sourcecode.c.h; path = "UIView+Image.h"; sourceTree = "<group>"; };
		BE25EB961C44FD9200068309 /* UIView+Image.m */ = {isa = PBXFileReference; fileEncoding = 4; lastKnownFileType = sourcecode.c.objc; path = "UIView+Image.m"; sourceTree = "<group>"; };
		BE25EBAA1C44FDA500068309 /* SystemHandler.h */ = {isa = PBXFileReference; fileEncoding = 4; lastKnownFileType = sourcecode.c.h; path = SystemHandler.h; sourceTree = "<group>"; };
		BE25EBAB1C44FDA500068309 /* SystemHandler.m */ = {isa = PBXFileReference; fileEncoding = 4; lastKnownFileType = sourcecode.c.objc; path = SystemHandler.m; sourceTree = "<group>"; };
		BE25EBAF1C44FDB300068309 /* TimerHelper.h */ = {isa = PBXFileReference; fileEncoding = 4; lastKnownFileType = sourcecode.c.h; path = TimerHelper.h; sourceTree = "<group>"; };
		BE25EBB01C44FDB300068309 /* TimerHelper.m */ = {isa = PBXFileReference; fileEncoding = 4; lastKnownFileType = sourcecode.c.objc; path = TimerHelper.m; sourceTree = "<group>"; };
		BE25EBB31C44FDBD00068309 /* AppMacro.h */ = {isa = PBXFileReference; fileEncoding = 4; lastKnownFileType = sourcecode.c.h; path = AppMacro.h; sourceTree = "<group>"; };
		BE25EBB41C44FDBD00068309 /* ColorMacro.h */ = {isa = PBXFileReference; fileEncoding = 4; lastKnownFileType = sourcecode.c.h; path = ColorMacro.h; sourceTree = "<group>"; };
		BE25EBB51C44FDBD00068309 /* FontMacro.h */ = {isa = PBXFileReference; fileEncoding = 4; lastKnownFileType = sourcecode.c.h; path = FontMacro.h; sourceTree = "<group>"; };
		BE25EBB61C44FDBD00068309 /* NetworkMacro.h */ = {isa = PBXFileReference; fileEncoding = 4; lastKnownFileType = sourcecode.c.h; path = NetworkMacro.h; sourceTree = "<group>"; };
		BE25EBB71C44FDBD00068309 /* NotificationMacro.h */ = {isa = PBXFileReference; fileEncoding = 4; lastKnownFileType = sourcecode.c.h; path = NotificationMacro.h; sourceTree = "<group>"; };
		BE25EBB81C44FDBD00068309 /* ReusableMacros.h */ = {isa = PBXFileReference; fileEncoding = 4; lastKnownFileType = sourcecode.c.h; path = ReusableMacros.h; sourceTree = "<group>"; };
		BE25EBB91C44FDBD00068309 /* SizeMacro.h */ = {isa = PBXFileReference; fileEncoding = 4; lastKnownFileType = sourcecode.c.h; path = SizeMacro.h; sourceTree = "<group>"; };
		BE25EBBB1C44FDC700068309 /* AlertViewManager.h */ = {isa = PBXFileReference; fileEncoding = 4; lastKnownFileType = sourcecode.c.h; path = AlertViewManager.h; sourceTree = "<group>"; };
		BE25EBBC1C44FDC700068309 /* AlertViewManager.m */ = {isa = PBXFileReference; fileEncoding = 4; lastKnownFileType = sourcecode.c.objc; path = AlertViewManager.m; sourceTree = "<group>"; };
		BE25EBBD1C44FDC700068309 /* HUDManager.h */ = {isa = PBXFileReference; fileEncoding = 4; lastKnownFileType = sourcecode.c.h; path = HUDManager.h; sourceTree = "<group>"; };
		BE25EBBE1C44FDC700068309 /* HUDManager.m */ = {isa = PBXFileReference; fileEncoding = 4; lastKnownFileType = sourcecode.c.objc; path = HUDManager.m; sourceTree = "<group>"; };
		BE25EBE11C44FDFD00068309 /* TPKeyboardAvoidingCollectionView.h */ = {isa = PBXFileReference; fileEncoding = 4; lastKnownFileType = sourcecode.c.h; path = TPKeyboardAvoidingCollectionView.h; sourceTree = "<group>"; };
		BE25EBE21C44FDFD00068309 /* TPKeyboardAvoidingCollectionView.m */ = {isa = PBXFileReference; fileEncoding = 4; lastKnownFileType = sourcecode.c.objc; path = TPKeyboardAvoidingCollectionView.m; sourceTree = "<group>"; };
		BE25EBE31C44FDFD00068309 /* TPKeyboardAvoidingScrollView.h */ = {isa = PBXFileReference; fileEncoding = 4; lastKnownFileType = sourcecode.c.h; path = TPKeyboardAvoidingScrollView.h; sourceTree = "<group>"; };
		BE25EBE41C44FDFD00068309 /* TPKeyboardAvoidingScrollView.m */ = {isa = PBXFileReference; fileEncoding = 4; lastKnownFileType = sourcecode.c.objc; path = TPKeyboardAvoidingScrollView.m; sourceTree = "<group>"; };
		BE25EBE51C44FDFD00068309 /* TPKeyboardAvoidingTableView.h */ = {isa = PBXFileReference; fileEncoding = 4; lastKnownFileType = sourcecode.c.h; path = TPKeyboardAvoidingTableView.h; sourceTree = "<group>"; };
		BE25EBE61C44FDFD00068309 /* TPKeyboardAvoidingTableView.m */ = {isa = PBXFileReference; fileEncoding = 4; lastKnownFileType = sourcecode.c.objc; path = TPKeyboardAvoidingTableView.m; sourceTree = "<group>"; };
		BE25EBE71C44FDFD00068309 /* UIScrollView+TPKeyboardAvoidingAdditions.h */ = {isa = PBXFileReference; fileEncoding = 4; lastKnownFileType = sourcecode.c.h; path = "UIScrollView+TPKeyboardAvoidingAdditions.h"; sourceTree = "<group>"; };
		BE25EBE81C44FDFD00068309 /* UIScrollView+TPKeyboardAvoidingAdditions.m */ = {isa = PBXFileReference; fileEncoding = 4; lastKnownFileType = sourcecode.c.objc; path = "UIScrollView+TPKeyboardAvoidingAdditions.m"; sourceTree = "<group>"; };
		BE25EBFE1C45011900068309 /* PrefixHeader.pch */ = {isa = PBXFileReference; lastKnownFileType = sourcecode.c.h; path = PrefixHeader.pch; sourceTree = "<group>"; };
		BE25EC001C45018800068309 /* ValueUtils.h */ = {isa = PBXFileReference; fileEncoding = 4; lastKnownFileType = sourcecode.c.h; path = ValueUtils.h; sourceTree = "<group>"; };
		BE25EC011C45018800068309 /* ValueUtils.m */ = {isa = PBXFileReference; fileEncoding = 4; lastKnownFileType = sourcecode.c.objc; path = ValueUtils.m; sourceTree = "<group>"; };
		BE25EC041C4501C000068309 /* BaseViewController.h */ = {isa = PBXFileReference; fileEncoding = 4; lastKnownFileType = sourcecode.c.h; path = BaseViewController.h; sourceTree = "<group>"; };
		BE25EC051C4501C000068309 /* BaseViewController.m */ = {isa = PBXFileReference; fileEncoding = 4; lastKnownFileType = sourcecode.c.objc; path = BaseViewController.m; sourceTree = "<group>"; };
		BEE4D9F21C489BBB00510308 /* libMobClickLibrary.a */ = {isa = PBXFileReference; lastKnownFileType = archive.ar; path = libMobClickLibrary.a; sourceTree = "<group>"; };
		BEE4D9F31C489BBB00510308 /* MobClick.h */ = {isa = PBXFileReference; fileEncoding = 4; lastKnownFileType = sourcecode.c.h; path = MobClick.h; sourceTree = "<group>"; };
		BEE4D9F41C489BBB00510308 /* MobClickSocialAnalytics.h */ = {isa = PBXFileReference; fileEncoding = 4; lastKnownFileType = sourcecode.c.h; path = MobClickSocialAnalytics.h; sourceTree = "<group>"; };
		BEE4DA011C48BFB300510308 /* GeTuiSdk.h */ = {isa = PBXFileReference; fileEncoding = 4; lastKnownFileType = sourcecode.c.h; path = GeTuiSdk.h; sourceTree = "<group>"; };
		BEE4DA021C48BFB300510308 /* libGeTuiSdk-1.3.2.a */ = {isa = PBXFileReference; lastKnownFileType = archive.ar; path = "libGeTuiSdk-1.3.2.a"; sourceTree = "<group>"; };
		BEE4DA041C48C06D00510308 /* libz.tbd */ = {isa = PBXFileReference; lastKnownFileType = "sourcecode.text-based-dylib-definition"; name = libz.tbd; path = usr/lib/libz.tbd; sourceTree = SDKROOT; };
		BEE4DA061C48C07400510308 /* libsqlite3.tbd */ = {isa = PBXFileReference; lastKnownFileType = "sourcecode.text-based-dylib-definition"; name = libsqlite3.tbd; path = usr/lib/libsqlite3.tbd; sourceTree = SDKROOT; };
		BEE4DA081C48C07B00510308 /* CFNetwork.framework */ = {isa = PBXFileReference; lastKnownFileType = wrapper.framework; name = CFNetwork.framework; path = System/Library/Frameworks/CFNetwork.framework; sourceTree = SDKROOT; };
		BEE4DA0A1C48C08100510308 /* SystemConfiguration.framework */ = {isa = PBXFileReference; lastKnownFileType = wrapper.framework; name = SystemConfiguration.framework; path = System/Library/Frameworks/SystemConfiguration.framework; sourceTree = SDKROOT; };
		BEE4DA0C1C48C08C00510308 /* CoreTelephony.framework */ = {isa = PBXFileReference; lastKnownFileType = wrapper.framework; name = CoreTelephony.framework; path = System/Library/Frameworks/CoreTelephony.framework; sourceTree = SDKROOT; };
		BEE4DA0E1C48C09300510308 /* AVFoundation.framework */ = {isa = PBXFileReference; lastKnownFileType = wrapper.framework; name = AVFoundation.framework; path = System/Library/Frameworks/AVFoundation.framework; sourceTree = SDKROOT; };
		BEE4DA101C48C09900510308 /* CoreLocation.framework */ = {isa = PBXFileReference; lastKnownFileType = wrapper.framework; name = CoreLocation.framework; path = System/Library/Frameworks/CoreLocation.framework; sourceTree = SDKROOT; };
		BEE4DA121C48C09F00510308 /* CoreBluetooth.framework */ = {isa = PBXFileReference; lastKnownFileType = wrapper.framework; name = CoreBluetooth.framework; path = System/Library/Frameworks/CoreBluetooth.framework; sourceTree = SDKROOT; };
		E11EE862B914DC8D84148A51 /* Pods.release.xcconfig */ = {isa = PBXFileReference; includeInIndex = 1; lastKnownFileType = text.xcconfig; name = Pods.release.xcconfig; path = "Pods/Target Support Files/Pods/Pods.release.xcconfig"; sourceTree = "<group>"; };
/* End PBXFileReference section */

/* Begin PBXFrameworksBuildPhase section */
		BE25EB2C1C44FC5F00068309 /* Frameworks */ = {
			isa = PBXFrameworksBuildPhase;
			buildActionMask = 2147483647;
			files = (
				BEE4DA131C48C09F00510308 /* CoreBluetooth.framework in Frameworks */,
				BEE4DA111C48C09900510308 /* CoreLocation.framework in Frameworks */,
				BEE4DA0F1C48C09300510308 /* AVFoundation.framework in Frameworks */,
				BEE4DA0D1C48C08C00510308 /* CoreTelephony.framework in Frameworks */,
				BEE4DA0B1C48C08100510308 /* SystemConfiguration.framework in Frameworks */,
				BEE4DA091C48C07B00510308 /* CFNetwork.framework in Frameworks */,
				BEE4DA071C48C07400510308 /* libsqlite3.tbd in Frameworks */,
				BEE4DA051C48C06D00510308 /* libz.tbd in Frameworks */,
				5B00D7127E6170524D8DD67E /* libPods.a in Frameworks */,
				BEE4DA031C48BFB300510308 /* libGeTuiSdk-1.3.2.a in Frameworks */,
				BEE4D9F51C489BBB00510308 /* libMobClickLibrary.a in Frameworks */,
			);
			runOnlyForDeploymentPostprocessing = 0;
		};
		BE25EB451C44FC5F00068309 /* Frameworks */ = {
			isa = PBXFrameworksBuildPhase;
			buildActionMask = 2147483647;
			files = (
			);
			runOnlyForDeploymentPostprocessing = 0;
		};
		BE25EB501C44FC5F00068309 /* Frameworks */ = {
			isa = PBXFrameworksBuildPhase;
			buildActionMask = 2147483647;
			files = (
			);
			runOnlyForDeploymentPostprocessing = 0;
		};
/* End PBXFrameworksBuildPhase section */

/* Begin PBXGroup section */
		038BEB23E4E6F2DA1281D925 /* Pods */ = {
			isa = PBXGroup;
			children = (
				ACA8CD8FCCEFD0CEA801BB92 /* Pods.debug.xcconfig */,
				E11EE862B914DC8D84148A51 /* Pods.release.xcconfig */,
			);
			name = Pods;
			sourceTree = "<group>";
		};
		37033E291C4C9033009F27DB /* Login */ = {
			isa = PBXGroup;
			children = (
				37033E2A1C4C9033009F27DB /* ForgetViewController.h */,
				37033E2B1C4C9033009F27DB /* ForgetViewController.m */,
				37033E2C1C4C9033009F27DB /* ForgetViewController.xib */,
				37033E2D1C4C9033009F27DB /* LoginViewController.h */,
				37033E2E1C4C9033009F27DB /* LoginViewController.m */,
				37033E2F1C4C9033009F27DB /* LoginViewController.xib */,
				37033E301C4C9033009F27DB /* RegisterViewController.h */,
				37033E311C4C9033009F27DB /* RegisterViewController.m */,
				37033E321C4C9033009F27DB /* RegisterViewController.xib */,
				37033E471C4CB7EC009F27DB /* SigningViewController.h */,
				37033E481C4CB7EC009F27DB /* SigningViewController.m */,
				37033E491C4CB7EC009F27DB /* SigningViewController.xib */,
				37033E4C1C4CBBCA009F27DB /* SubmitInfoViewController.h */,
				37033E4D1C4CBBCA009F27DB /* SubmitInfoViewController.m */,
				37033E4E1C4CBBCA009F27DB /* SubmitInfoViewController.xib */,
			);
			path = Login;
			sourceTree = "<group>";
		};
		37033E391C4C910B009F27DB /* Login */ = {
			isa = PBXGroup;
			children = (
				37033E3A1C4C910B009F27DB /* ApiAuthenCode.h */,
				37033E3B1C4C910B009F27DB /* ApiAuthenCode.m */,
				37033E3C1C4C910B009F27DB /* ApiLoginOutRequest.h */,
				37033E3D1C4C910B009F27DB /* ApiLoginOutRequest.m */,
				37033E3E1C4C910B009F27DB /* ApiLoginRequest.h */,
				37033E3F1C4C910B009F27DB /* ApiLoginRequest.m */,
				37E1DE0E1C4E149800245BE6 /* ApiFindPassWord.h */,
				37E1DE0F1C4E149800245BE6 /* ApiFindPassWord.m */,
				37E1DE171C4E241500245BE6 /* ApiRegisterRequest.h */,
				37E1DE181C4E241500245BE6 /* ApiRegisterRequest.m */,
			);
			path = Login;
			sourceTree = "<group>";
		};
		37033E431C4C914C009F27DB /* JKCountDownButton */ = {
			isa = PBXGroup;
			children = (
				37033E441C4C914C009F27DB /* JKCountDownButton.h */,
				37033E451C4C914C009F27DB /* JKCountDownButton.m */,
			);
			path = JKCountDownButton;
			sourceTree = "<group>";
		};
		37E1DD9B1C4DD92600245BE6 /* My */ = {
			isa = PBXGroup;
			children = (
				37E1DDF61C4DDE1800245BE6 /* MyFollow(每日跟踪) */,
				37E1DDDE1C4DDD1300245BE6 /* MyClass(班级管理) */,
				37E1DDDF1C4DDD1300245BE6 /* MyClassTeacher(班主任管理) */,
				37E1DDE01C4DDD1300245BE6 /* MyPusheMessage(推送消息) */,
				37E1DDE11C4DDD1300245BE6 /* MyStudent(学员管理) */,
				37E1DD9C1C4DD92600245BE6 /* BasicInfo(基本信息) */,
				37E1DDA01C4DD92600245BE6 /* MyBooking(预约管理) */,
				37E1DDAC1C4DD92600245BE6 /* MyMessage(我的消息) */,
				37E1DDB01C4DD92600245BE6 /* MyViewController.h */,
				37E1DDB11C4DD92600245BE6 /* MyViewController.m */,
				37E1DDB21C4DD92600245BE6 /* MyViewController.xib */,
				37E1DDB31C4DD92600245BE6 /* Setting */,
			);
			path = My;
			sourceTree = "<group>";
		};
		37E1DD9C1C4DD92600245BE6 /* BasicInfo(基本信息) */ = {
			isa = PBXGroup;
			children = (
				37E1DD9D1C4DD92600245BE6 /* PersonDetailController.h */,
				37E1DD9E1C4DD92600245BE6 /* PersonDetailController.m */,
				37E1DD9F1C4DD92600245BE6 /* PersonDetailController.xib */,
			);
			path = "BasicInfo(基本信息)";
			sourceTree = "<group>";
		};
		37E1DDA01C4DD92600245BE6 /* MyBooking(预约管理) */ = {
			isa = PBXGroup;
			children = (
				37E1DDA11C4DD92600245BE6 /* MyBookingViewController.h */,
				37E1DDA21C4DD92600245BE6 /* MyBookingViewController.m */,
				37E1DDA31C4DD92600245BE6 /* MyBookingViewController.xib */,
			);
			name = "MyBooking(预约管理)";
			path = "MyBooking(我的预约)";
			sourceTree = "<group>";
		};
		37E1DDAC1C4DD92600245BE6 /* MyMessage(我的消息) */ = {
			isa = PBXGroup;
			children = (
				37E1DDAD1C4DD92600245BE6 /* MyMessageViewController.h */,
				37E1DDAE1C4DD92600245BE6 /* MyMessageViewController.m */,
				37E1DDAF1C4DD92600245BE6 /* MyMessageViewController.xib */,
			);
			path = "MyMessage(我的消息)";
			sourceTree = "<group>";
		};
		37E1DDB31C4DD92600245BE6 /* Setting */ = {
			isa = PBXGroup;
			children = (
				37E1DDB41C4DD92600245BE6 /* About */,
				37E1DDB81C4DD92600245BE6 /* ChangePassword */,
				37E1DDBC1C4DD92600245BE6 /* Feedback(意见反馈) */,
				37E1DDC01C4DD92600245BE6 /* SettingViewController.h */,
				37E1DDC11C4DD92600245BE6 /* SettingViewController.m */,
				37E1DDC21C4DD92600245BE6 /* SettingViewController.xib */,
			);
			path = Setting;
			sourceTree = "<group>";
		};
		37E1DDB41C4DD92600245BE6 /* About */ = {
			isa = PBXGroup;
			children = (
				37E1DDB51C4DD92600245BE6 /* AboutViewController.h */,
				37E1DDB61C4DD92600245BE6 /* AboutViewController.m */,
				37E1DDB71C4DD92600245BE6 /* AboutViewController.xib */,
			);
			path = About;
			sourceTree = "<group>";
		};
		37E1DDB81C4DD92600245BE6 /* ChangePassword */ = {
			isa = PBXGroup;
			children = (
				37E1DDB91C4DD92600245BE6 /* ChangePasswordController.h */,
				37E1DDBA1C4DD92600245BE6 /* ChangePasswordController.m */,
				37E1DDBB1C4DD92600245BE6 /* ChangePasswordController.xib */,
			);
			path = ChangePassword;
			sourceTree = "<group>";
		};
		37E1DDBC1C4DD92600245BE6 /* Feedback(意见反馈) */ = {
			isa = PBXGroup;
			children = (
				37E1DDBD1C4DD92600245BE6 /* FeedbackViewController.h */,
				37E1DDBE1C4DD92600245BE6 /* FeedbackViewController.m */,
				37E1DDBF1C4DD92600245BE6 /* FeedbackViewController.xib */,
			);
			path = "Feedback(意见反馈)";
			sourceTree = "<group>";
		};
		37E1DDD71C4DDA7F00245BE6 /* Views */ = {
			isa = PBXGroup;
			children = (
				37E1DDD81C4DDA8A00245BE6 /* My */,
			);
			path = Views;
			sourceTree = "<group>";
		};
		37E1DDD81C4DDA8A00245BE6 /* My */ = {
			isa = PBXGroup;
			children = (
				37E1DDD91C4DDA8A00245BE6 /* MyCell.h */,
				37E1DDDA1C4DDA8A00245BE6 /* MyCell.m */,
				37E1DDDB1C4DDA8A00245BE6 /* MyCell.xib */,
			);
			path = My;
			sourceTree = "<group>";
		};
		37E1DDDE1C4DDD1300245BE6 /* MyClass(班级管理) */ = {
			isa = PBXGroup;
			children = (
				37E1DDE21C4DDD3E00245BE6 /* MyClassViewController.h */,
				37E1DDE31C4DDD3E00245BE6 /* MyClassViewController.m */,
				37E1DDE41C4DDD3E00245BE6 /* MyClassViewController.xib */,
			);
			path = "MyClass(班级管理)";
			sourceTree = "<group>";
		};
		37E1DDDF1C4DDD1300245BE6 /* MyClassTeacher(班主任管理) */ = {
			isa = PBXGroup;
			children = (
				37E1DDE71C4DDD5800245BE6 /* MyClassTeacherViewController.h */,
				37E1DDE81C4DDD5800245BE6 /* MyClassTeacherViewController.m */,
				37E1DDE91C4DDD5800245BE6 /* MyClassTeacherViewController.xib */,
			);
			path = "MyClassTeacher(班主任管理)";
			sourceTree = "<group>";
		};
		37E1DDE01C4DDD1300245BE6 /* MyPusheMessage(推送消息) */ = {
			isa = PBXGroup;
			children = (
				37E1DDEC1C4DDD7400245BE6 /* MyPushMessageViewController.h */,
				37E1DDED1C4DDD7400245BE6 /* MyPushMessageViewController.m */,
				37E1DDEE1C4DDD7400245BE6 /* MyPushMessageViewController.xib */,
			);
			path = "MyPusheMessage(推送消息)";
			sourceTree = "<group>";
		};
		37E1DDE11C4DDD1300245BE6 /* MyStudent(学员管理) */ = {
			isa = PBXGroup;
			children = (
				37E1DDF11C4DDD8C00245BE6 /* MyStudentViewController.h */,
				37E1DDF21C4DDD8C00245BE6 /* MyStudentViewController.m */,
				37E1DDF31C4DDD8C00245BE6 /* MyStudentViewController.xib */,
			);
			path = "MyStudent(学员管理)";
			sourceTree = "<group>";
		};
		37E1DDF61C4DDE1800245BE6 /* MyFollow(每日跟踪) */ = {
			isa = PBXGroup;
			children = (
				37E1DDF71C4DDE3C00245BE6 /* MyFollowViewController.h */,
				37E1DDF81C4DDE3C00245BE6 /* MyFollowViewController.m */,
				37E1DDF91C4DDE3C00245BE6 /* MyFollowViewController.xib */,
			);
			path = "MyFollow(每日跟踪)";
			sourceTree = "<group>";
		};
		37E1DDFC1C4DE26C00245BE6 /* Discover */ = {
			isa = PBXGroup;
			children = (
				37E1DE041C4DE2B200245BE6 /* DiscoverViewController.h */,
				37E1DE051C4DE2B200245BE6 /* DiscoverViewController.m */,
				37E1DE061C4DE2B200245BE6 /* DiscoverViewController.xib */,
			);
			path = Discover;
			sourceTree = "<group>";
		};
		37E1DDFD1C4DE26C00245BE6 /* Home */ = {
			isa = PBXGroup;
			children = (
				37E1DDFF1C4DE29500245BE6 /* HomeViewController.h */,
				37E1DE001C4DE29500245BE6 /* HomeViewController.m */,
				37E1DE011C4DE29500245BE6 /* HomeViewController.xib */,
			);
			path = Home;
			sourceTree = "<group>";
		};
		37E1DDFE1C4DE26C00245BE6 /* Top */ = {
			isa = PBXGroup;
			children = (
				37E1DE091C4DE2CC00245BE6 /* TopViewController.h */,
				37E1DE0A1C4DE2CC00245BE6 /* TopViewController.m */,
				37E1DE0B1C4DE2CC00245BE6 /* TopViewController.xib */,
			);
			path = Top;
			sourceTree = "<group>";
		};
		37E1DE131C4E1A2000245BE6 /* Discover */ = {
			isa = PBXGroup;
			children = (
			);
			path = Discover;
			sourceTree = "<group>";
		};
		37E1DE141C4E1A2000245BE6 /* Home */ = {
			isa = PBXGroup;
			children = (
			);
			path = Home;
			sourceTree = "<group>";
		};
		37E1DE151C4E1A2000245BE6 /* My */ = {
			isa = PBXGroup;
			children = (
			);
			path = My;
			sourceTree = "<group>";
		};
		37E1DE161C4E1A2000245BE6 /* Top */ = {
			isa = PBXGroup;
			children = (
			);
			path = Top;
			sourceTree = "<group>";
		};
		37E1DE731C4E3FFF00245BE6 /* ZHPickView */ = {
			isa = PBXGroup;
			children = (
				37E1DE741C4E3FFF00245BE6 /* ZHPickView.h */,
				37E1DE751C4E3FFF00245BE6 /* ZHPickView.m */,
			);
			path = ZHPickView;
			sourceTree = "<group>";
		};
		8193BE87F7EA4981EE9BFAF6 /* Frameworks */ = {
			isa = PBXGroup;
			children = (
				BEE4DA121C48C09F00510308 /* CoreBluetooth.framework */,
				BEE4DA101C48C09900510308 /* CoreLocation.framework */,
				BEE4DA0E1C48C09300510308 /* AVFoundation.framework */,
				BEE4DA0C1C48C08C00510308 /* CoreTelephony.framework */,
				BEE4DA0A1C48C08100510308 /* SystemConfiguration.framework */,
				BEE4DA081C48C07B00510308 /* CFNetwork.framework */,
				BEE4DA061C48C07400510308 /* libsqlite3.tbd */,
				BEE4DA041C48C06D00510308 /* libz.tbd */,
				7B131BB5C3C7788EB0066AC0 /* libPods.a */,
			);
			name = Frameworks;
			sourceTree = "<group>";
		};
		BE25EB261C44FC5F00068309 = {
			isa = PBXGroup;
			children = (
				BE25EB311C44FC5F00068309 /* iWantuo_Organization */,
				BE25EB4B1C44FC5F00068309 /* iWantuo_OrganizationTests */,
				BE25EB561C44FC5F00068309 /* iWantuo_OrganizationUITests */,
				BE25EB301C44FC5F00068309 /* Products */,
				038BEB23E4E6F2DA1281D925 /* Pods */,
				8193BE87F7EA4981EE9BFAF6 /* Frameworks */,
			);
			sourceTree = "<group>";
		};
		BE25EB301C44FC5F00068309 /* Products */ = {
			isa = PBXGroup;
			children = (
				BE25EB2F1C44FC5F00068309 /* iWantuo_Organization.app */,
				BE25EB481C44FC5F00068309 /* iWantuo_OrganizationTests.xctest */,
				BE25EB531C44FC5F00068309 /* iWantuo_OrganizationUITests.xctest */,
			);
			name = Products;
			sourceTree = "<group>";
		};
		BE25EB311C44FC5F00068309 /* iWantuo_Organization */ = {
			isa = PBXGroup;
			children = (
				37E1DDD71C4DDA7F00245BE6 /* Views */,
				BE25EC031C4501C000068309 /* Controller */,
				BE25EBFF1C45018800068309 /* Utils */,
				BE25EBC41C44FDFD00068309 /* Vendors */,
				BE25EBBA1C44FDC700068309 /* Manager */,
				BE25EBB21C44FDBD00068309 /* Macros */,
				BE25EBAE1C44FDB300068309 /* Helper */,
				BE25EBA71C44FDA500068309 /* Handler */,
				BE25EB701C44FD9200068309 /* Categories */,
				BE25EB651C44FD8500068309 /* ApiTools */,
				BE25EB351C44FC5F00068309 /* AppDelegate.h */,
				BE25EB361C44FC5F00068309 /* AppDelegate.m */,
				BE25EB3E1C44FC5F00068309 /* Assets.xcassets */,
				BE25EB401C44FC5F00068309 /* LaunchScreen.storyboard */,
				BE25EB431C44FC5F00068309 /* Info.plist */,
				BE25EB321C44FC5F00068309 /* Supporting Files */,
			);
			path = iWantuo_Organization;
			sourceTree = "<group>";
		};
		BE25EB321C44FC5F00068309 /* Supporting Files */ = {
			isa = PBXGroup;
			children = (
				BE25EB331C44FC5F00068309 /* main.m */,
				BE25EBFE1C45011900068309 /* PrefixHeader.pch */,
			);
			name = "Supporting Files";
			sourceTree = "<group>";
		};
		BE25EB4B1C44FC5F00068309 /* iWantuo_OrganizationTests */ = {
			isa = PBXGroup;
			children = (
				BE25EB4C1C44FC5F00068309 /* iWantuo_OrganizationTests.m */,
				BE25EB4E1C44FC5F00068309 /* Info.plist */,
			);
			path = iWantuo_OrganizationTests;
			sourceTree = "<group>";
		};
		BE25EB561C44FC5F00068309 /* iWantuo_OrganizationUITests */ = {
			isa = PBXGroup;
			children = (
				BE25EB571C44FC5F00068309 /* iWantuo_OrganizationUITests.m */,
				BE25EB591C44FC5F00068309 /* Info.plist */,
			);
			path = iWantuo_OrganizationUITests;
			sourceTree = "<group>";
		};
		BE25EB651C44FD8500068309 /* ApiTools */ = {
			isa = PBXGroup;
			children = (
				37E1DE131C4E1A2000245BE6 /* Discover */,
				37E1DE141C4E1A2000245BE6 /* Home */,
				37E1DE151C4E1A2000245BE6 /* My */,
				37E1DE161C4E1A2000245BE6 /* Top */,
				37033E391C4C910B009F27DB /* Login */,
				BE25EB661C44FD8500068309 /* Api */,
			);
			path = ApiTools;
			sourceTree = "<group>";
		};
		BE25EB661C44FD8500068309 /* Api */ = {
			isa = PBXGroup;
			children = (
				BE25EB671C44FD8500068309 /* APIClient.h */,
				BE25EB681C44FD8500068309 /* APIClient.m */,
				BE25EB691C44FD8500068309 /* APIRequest.h */,
				BE25EB6A1C44FD8500068309 /* APIRequest.m */,
				BE25EB6B1C44FD8500068309 /* APIResult.h */,
				BE25EB6C1C44FD8500068309 /* APIResult.m */,
			);
			path = Api;
			sourceTree = "<group>";
		};
		BE25EB701C44FD9200068309 /* Categories */ = {
			isa = PBXGroup;
			children = (
				BE25EB711C44FD9200068309 /* NSDate */,
				BE25EB781C44FD9200068309 /* NSString */,
				BE25EB811C44FD9200068309 /* NSString+Emoji */,
				BE25EB821C44FD9200068309 /* NSString+Verify */,
				BE25EB851C44FD9200068309 /* NSURL */,
				BE25EB881C44FD9200068309 /* UIColor */,
				BE25EB8B1C44FD9200068309 /* UIImage */,
				BE25EB901C44FD9200068309 /* UIView */,
				BE25EB971C44FD9200068309 /* UIViewController */,
			);
			path = Categories;
			sourceTree = "<group>";
		};
		BE25EB711C44FD9200068309 /* NSDate */ = {
			isa = PBXGroup;
			children = (
				BE25EB721C44FD9200068309 /* NSCalendar+FSExtension.h */,
				BE25EB731C44FD9200068309 /* NSCalendar+FSExtension.m */,
				BE25EB741C44FD9200068309 /* NSDate+CalendarLogic.h */,
				BE25EB751C44FD9200068309 /* NSDate+CalendarLogic.m */,
				BE25EB761C44FD9200068309 /* NSDate+FSExtension.h */,
				BE25EB771C44FD9200068309 /* NSDate+FSExtension.m */,
			);
			path = NSDate;
			sourceTree = "<group>";
		};
		BE25EB781C44FD9200068309 /* NSString */ = {
			isa = PBXGroup;
			children = (
				BE25EB791C44FD9200068309 /* NSString+Device.h */,
				BE25EB7A1C44FD9200068309 /* NSString+Device.m */,
				BE25EB7B1C44FD9200068309 /* NSString+Security.h */,
				BE25EB7C1C44FD9200068309 /* NSString+Security.m */,
				BE25EB7D1C44FD9200068309 /* NSString+Size.h */,
				BE25EB7E1C44FD9200068309 /* NSString+Size.m */,
				BE25EB7F1C44FD9200068309 /* NSString+Validation.h */,
				BE25EB801C44FD9200068309 /* NSString+Validation.m */,
			);
			path = NSString;
			sourceTree = "<group>";
		};
		BE25EB811C44FD9200068309 /* NSString+Emoji */ = {
			isa = PBXGroup;
			children = (
			);
			path = "NSString+Emoji";
			sourceTree = "<group>";
		};
		BE25EB821C44FD9200068309 /* NSString+Verify */ = {
			isa = PBXGroup;
			children = (
				BE25EB831C44FD9200068309 /* NSString+Verify.h */,
				BE25EB841C44FD9200068309 /* NSString+Verify.m */,
			);
			path = "NSString+Verify";
			sourceTree = "<group>";
		};
		BE25EB851C44FD9200068309 /* NSURL */ = {
			isa = PBXGroup;
			children = (
				BE25EB861C44FD9200068309 /* NSURL+Path.h */,
				BE25EB871C44FD9200068309 /* NSURL+Path.m */,
			);
			path = NSURL;
			sourceTree = "<group>";
		};
		BE25EB881C44FD9200068309 /* UIColor */ = {
			isa = PBXGroup;
			children = (
				BE25EB891C44FD9200068309 /* UIColor+NSString.h */,
				BE25EB8A1C44FD9200068309 /* UIColor+NSString.m */,
			);
			path = UIColor;
			sourceTree = "<group>";
		};
		BE25EB8B1C44FD9200068309 /* UIImage */ = {
			isa = PBXGroup;
			children = (
				BE25EB8C1C44FD9200068309 /* UIImage+Camera.h */,
				BE25EB8D1C44FD9200068309 /* UIImage+Camera.m */,
				BE25EB8E1C44FD9200068309 /* UIImage+Video.h */,
				BE25EB8F1C44FD9200068309 /* UIImage+Video.m */,
			);
			path = UIImage;
			sourceTree = "<group>";
		};
		BE25EB901C44FD9200068309 /* UIView */ = {
			isa = PBXGroup;
			children = (
				BE25EB911C44FD9200068309 /* UIView+Frame.h */,
				BE25EB921C44FD9200068309 /* UIView+Frame.m */,
				BE25EB931C44FD9200068309 /* UIView+GestureRecognizer.h */,
				BE25EB941C44FD9200068309 /* UIView+GestureRecognizer.m */,
				BE25EB951C44FD9200068309 /* UIView+Image.h */,
				BE25EB961C44FD9200068309 /* UIView+Image.m */,
			);
			path = UIView;
			sourceTree = "<group>";
		};
		BE25EB971C44FD9200068309 /* UIViewController */ = {
			isa = PBXGroup;
			children = (
			);
			path = UIViewController;
			sourceTree = "<group>";
		};
		BE25EBA71C44FDA500068309 /* Handler */ = {
			isa = PBXGroup;
			children = (
				BE25EBAA1C44FDA500068309 /* SystemHandler.h */,
				BE25EBAB1C44FDA500068309 /* SystemHandler.m */,
			);
			path = Handler;
			sourceTree = "<group>";
		};
		BE25EBAE1C44FDB300068309 /* Helper */ = {
			isa = PBXGroup;
			children = (
				BE25EBAF1C44FDB300068309 /* TimerHelper.h */,
				BE25EBB01C44FDB300068309 /* TimerHelper.m */,
			);
			path = Helper;
			sourceTree = "<group>";
		};
		BE25EBB21C44FDBD00068309 /* Macros */ = {
			isa = PBXGroup;
			children = (
				BE25EBB31C44FDBD00068309 /* AppMacro.h */,
				BE25EBB41C44FDBD00068309 /* ColorMacro.h */,
				BE25EBB51C44FDBD00068309 /* FontMacro.h */,
				BE25EBB61C44FDBD00068309 /* NetworkMacro.h */,
				BE25EBB71C44FDBD00068309 /* NotificationMacro.h */,
				BE25EBB81C44FDBD00068309 /* ReusableMacros.h */,
				BE25EBB91C44FDBD00068309 /* SizeMacro.h */,
			);
			path = Macros;
			sourceTree = "<group>";
		};
		BE25EBBA1C44FDC700068309 /* Manager */ = {
			isa = PBXGroup;
			children = (
				BE25EBBB1C44FDC700068309 /* AlertViewManager.h */,
				BE25EBBC1C44FDC700068309 /* AlertViewManager.m */,
				BE25EBBD1C44FDC700068309 /* HUDManager.h */,
				BE25EBBE1C44FDC700068309 /* HUDManager.m */,
			);
			path = Manager;
			sourceTree = "<group>";
		};
		BE25EBC41C44FDFD00068309 /* Vendors */ = {
			isa = PBXGroup;
			children = (
				37E1DE731C4E3FFF00245BE6 /* ZHPickView */,
				37033E431C4C914C009F27DB /* JKCountDownButton */,
				BEE4DA001C48BFB300510308 /* GtSdkLib1.3.2 */,
				BEE4D9F11C489BBB00510308 /* UMAnalytics_Sdk_3.6.7 */,
				BE25EBE01C44FDFD00068309 /* TPKeyboardAvoiding */,
			);
			path = Vendors;
			sourceTree = "<group>";
		};
		BE25EBE01C44FDFD00068309 /* TPKeyboardAvoiding */ = {
			isa = PBXGroup;
			children = (
				BE25EBE11C44FDFD00068309 /* TPKeyboardAvoidingCollectionView.h */,
				BE25EBE21C44FDFD00068309 /* TPKeyboardAvoidingCollectionView.m */,
				BE25EBE31C44FDFD00068309 /* TPKeyboardAvoidingScrollView.h */,
				BE25EBE41C44FDFD00068309 /* TPKeyboardAvoidingScrollView.m */,
				BE25EBE51C44FDFD00068309 /* TPKeyboardAvoidingTableView.h */,
				BE25EBE61C44FDFD00068309 /* TPKeyboardAvoidingTableView.m */,
				BE25EBE71C44FDFD00068309 /* UIScrollView+TPKeyboardAvoidingAdditions.h */,
				BE25EBE81C44FDFD00068309 /* UIScrollView+TPKeyboardAvoidingAdditions.m */,
			);
			path = TPKeyboardAvoiding;
			sourceTree = "<group>";
		};
		BE25EBFF1C45018800068309 /* Utils */ = {
			isa = PBXGroup;
			children = (
				BE25EC001C45018800068309 /* ValueUtils.h */,
				BE25EC011C45018800068309 /* ValueUtils.m */,
			);
			path = Utils;
			sourceTree = "<group>";
		};
		BE25EC031C4501C000068309 /* Controller */ = {
			isa = PBXGroup;
			children = (
				37E1DDFC1C4DE26C00245BE6 /* Discover */,
				37E1DDFD1C4DE26C00245BE6 /* Home */,
				37E1DDFE1C4DE26C00245BE6 /* Top */,
				37E1DD9B1C4DD92600245BE6 /* My */,
				37033E291C4C9033009F27DB /* Login */,
				BE25EC041C4501C000068309 /* BaseViewController.h */,
				BE25EC051C4501C000068309 /* BaseViewController.m */,
			);
			path = Controller;
			sourceTree = "<group>";
		};
		BEE4D9F11C489BBB00510308 /* UMAnalytics_Sdk_3.6.7 */ = {
			isa = PBXGroup;
			children = (
				BEE4D9F21C489BBB00510308 /* libMobClickLibrary.a */,
				BEE4D9F31C489BBB00510308 /* MobClick.h */,
				BEE4D9F41C489BBB00510308 /* MobClickSocialAnalytics.h */,
			);
			path = UMAnalytics_Sdk_3.6.7;
			sourceTree = "<group>";
		};
		BEE4DA001C48BFB300510308 /* GtSdkLib1.3.2 */ = {
			isa = PBXGroup;
			children = (
				BEE4DA011C48BFB300510308 /* GeTuiSdk.h */,
				BEE4DA021C48BFB300510308 /* libGeTuiSdk-1.3.2.a */,
			);
			path = GtSdkLib1.3.2;
			sourceTree = "<group>";
		};
/* End PBXGroup section */

/* Begin PBXNativeTarget section */
		BE25EB2E1C44FC5F00068309 /* iWantuo_Organization */ = {
			isa = PBXNativeTarget;
			buildConfigurationList = BE25EB5C1C44FC5F00068309 /* Build configuration list for PBXNativeTarget "iWantuo_Organization" */;
			buildPhases = (
				C1F09B5D3A78E1B785F7378E /* Check Pods Manifest.lock */,
				BE25EB2B1C44FC5F00068309 /* Sources */,
				BE25EB2C1C44FC5F00068309 /* Frameworks */,
				BE25EB2D1C44FC5F00068309 /* Resources */,
				4132469266FD3393925D2364 /* Embed Pods Frameworks */,
				390E8052B6AE733E037EF308 /* Copy Pods Resources */,
			);
			buildRules = (
			);
			dependencies = (
			);
			name = iWantuo_Organization;
			productName = iWantuo_Organization;
			productReference = BE25EB2F1C44FC5F00068309 /* iWantuo_Organization.app */;
			productType = "com.apple.product-type.application";
		};
		BE25EB471C44FC5F00068309 /* iWantuo_OrganizationTests */ = {
			isa = PBXNativeTarget;
			buildConfigurationList = BE25EB5F1C44FC5F00068309 /* Build configuration list for PBXNativeTarget "iWantuo_OrganizationTests" */;
			buildPhases = (
				BE25EB441C44FC5F00068309 /* Sources */,
				BE25EB451C44FC5F00068309 /* Frameworks */,
				BE25EB461C44FC5F00068309 /* Resources */,
			);
			buildRules = (
			);
			dependencies = (
				BE25EB4A1C44FC5F00068309 /* PBXTargetDependency */,
			);
			name = iWantuo_OrganizationTests;
			productName = iWantuo_OrganizationTests;
			productReference = BE25EB481C44FC5F00068309 /* iWantuo_OrganizationTests.xctest */;
			productType = "com.apple.product-type.bundle.unit-test";
		};
		BE25EB521C44FC5F00068309 /* iWantuo_OrganizationUITests */ = {
			isa = PBXNativeTarget;
			buildConfigurationList = BE25EB621C44FC5F00068309 /* Build configuration list for PBXNativeTarget "iWantuo_OrganizationUITests" */;
			buildPhases = (
				BE25EB4F1C44FC5F00068309 /* Sources */,
				BE25EB501C44FC5F00068309 /* Frameworks */,
				BE25EB511C44FC5F00068309 /* Resources */,
			);
			buildRules = (
			);
			dependencies = (
				BE25EB551C44FC5F00068309 /* PBXTargetDependency */,
			);
			name = iWantuo_OrganizationUITests;
			productName = iWantuo_OrganizationUITests;
			productReference = BE25EB531C44FC5F00068309 /* iWantuo_OrganizationUITests.xctest */;
			productType = "com.apple.product-type.bundle.ui-testing";
		};
/* End PBXNativeTarget section */

/* Begin PBXProject section */
		BE25EB271C44FC5F00068309 /* Project object */ = {
			isa = PBXProject;
			attributes = {
				LastUpgradeCheck = 0720;
				ORGANIZATIONNAME = "月 吴";
				TargetAttributes = {
					BE25EB2E1C44FC5F00068309 = {
						CreatedOnToolsVersion = 7.2;
						SystemCapabilities = {
							com.apple.BackgroundModes = {
								enabled = 1;
							};
						};
					};
					BE25EB471C44FC5F00068309 = {
						CreatedOnToolsVersion = 7.2;
						TestTargetID = BE25EB2E1C44FC5F00068309;
					};
					BE25EB521C44FC5F00068309 = {
						CreatedOnToolsVersion = 7.2;
						TestTargetID = BE25EB2E1C44FC5F00068309;
					};
				};
			};
			buildConfigurationList = BE25EB2A1C44FC5F00068309 /* Build configuration list for PBXProject "iWantuo_Organization" */;
			compatibilityVersion = "Xcode 3.2";
			developmentRegion = English;
			hasScannedForEncodings = 0;
			knownRegions = (
				en,
				Base,
				"zh-Hans",
			);
			mainGroup = BE25EB261C44FC5F00068309;
			productRefGroup = BE25EB301C44FC5F00068309 /* Products */;
			projectDirPath = "";
			projectRoot = "";
			targets = (
				BE25EB2E1C44FC5F00068309 /* iWantuo_Organization */,
				BE25EB471C44FC5F00068309 /* iWantuo_OrganizationTests */,
				BE25EB521C44FC5F00068309 /* iWantuo_OrganizationUITests */,
			);
		};
/* End PBXProject section */

/* Begin PBXResourcesBuildPhase section */
		BE25EB2D1C44FC5F00068309 /* Resources */ = {
			isa = PBXResourcesBuildPhase;
			buildActionMask = 2147483647;
			files = (
				37033E361C4C9033009F27DB /* LoginViewController.xib in Resources */,
				37E1DDC41C4DD92600245BE6 /* PersonDetailController.xib in Resources */,
				37E1DDC61C4DD92600245BE6 /* MyBookingViewController.xib in Resources */,
				37E1DDFB1C4DDE3C00245BE6 /* MyFollowViewController.xib in Resources */,
				37E1DDD61C4DD92600245BE6 /* SettingViewController.xib in Resources */,
				37E1DDEB1C4DDD5800245BE6 /* MyClassTeacherViewController.xib in Resources */,
				37033E381C4C9033009F27DB /* RegisterViewController.xib in Resources */,
				BE25EB421C44FC5F00068309 /* LaunchScreen.storyboard in Resources */,
				37E1DE0D1C4DE2CC00245BE6 /* TopViewController.xib in Resources */,
				37033E341C4C9033009F27DB /* ForgetViewController.xib in Resources */,
				37E1DDF51C4DDD8C00245BE6 /* MyStudentViewController.xib in Resources */,
				37E1DDDD1C4DDA8A00245BE6 /* MyCell.xib in Resources */,
				37E1DDCE1C4DD92600245BE6 /* MyViewController.xib in Resources */,
				37E1DDCC1C4DD92600245BE6 /* MyMessageViewController.xib in Resources */,
				37E1DDD01C4DD92600245BE6 /* AboutViewController.xib in Resources */,
				37033E501C4CBBCA009F27DB /* SubmitInfoViewController.xib in Resources */,
				37E1DE081C4DE2B200245BE6 /* DiscoverViewController.xib in Resources */,
				37033E4B1C4CB7EC009F27DB /* SigningViewController.xib in Resources */,
				BE25EB3F1C44FC5F00068309 /* Assets.xcassets in Resources */,
				37E1DDF01C4DDD7400245BE6 /* MyPushMessageViewController.xib in Resources */,
				37E1DDE61C4DDD3E00245BE6 /* MyClassViewController.xib in Resources */,
				37E1DDD21C4DD92600245BE6 /* ChangePasswordController.xib in Resources */,
				37E1DDD41C4DD92600245BE6 /* FeedbackViewController.xib in Resources */,
				37E1DE031C4DE29500245BE6 /* HomeViewController.xib in Resources */,
			);
			runOnlyForDeploymentPostprocessing = 0;
		};
		BE25EB461C44FC5F00068309 /* Resources */ = {
			isa = PBXResourcesBuildPhase;
			buildActionMask = 2147483647;
			files = (
			);
			runOnlyForDeploymentPostprocessing = 0;
		};
		BE25EB511C44FC5F00068309 /* Resources */ = {
			isa = PBXResourcesBuildPhase;
			buildActionMask = 2147483647;
			files = (
			);
			runOnlyForDeploymentPostprocessing = 0;
		};
/* End PBXResourcesBuildPhase section */

/* Begin PBXShellScriptBuildPhase section */
		390E8052B6AE733E037EF308 /* Copy Pods Resources */ = {
			isa = PBXShellScriptBuildPhase;
			buildActionMask = 2147483647;
			files = (
			);
			inputPaths = (
			);
			name = "Copy Pods Resources";
			outputPaths = (
			);
			runOnlyForDeploymentPostprocessing = 0;
			shellPath = /bin/sh;
			shellScript = "\"${SRCROOT}/Pods/Target Support Files/Pods/Pods-resources.sh\"\n";
			showEnvVarsInLog = 0;
		};
		4132469266FD3393925D2364 /* Embed Pods Frameworks */ = {
			isa = PBXShellScriptBuildPhase;
			buildActionMask = 2147483647;
			files = (
			);
			inputPaths = (
			);
			name = "Embed Pods Frameworks";
			outputPaths = (
			);
			runOnlyForDeploymentPostprocessing = 0;
			shellPath = /bin/sh;
			shellScript = "\"${SRCROOT}/Pods/Target Support Files/Pods/Pods-frameworks.sh\"\n";
			showEnvVarsInLog = 0;
		};
		C1F09B5D3A78E1B785F7378E /* Check Pods Manifest.lock */ = {
			isa = PBXShellScriptBuildPhase;
			buildActionMask = 2147483647;
			files = (
			);
			inputPaths = (
			);
			name = "Check Pods Manifest.lock";
			outputPaths = (
			);
			runOnlyForDeploymentPostprocessing = 0;
			shellPath = /bin/sh;
			shellScript = "diff \"${PODS_ROOT}/../Podfile.lock\" \"${PODS_ROOT}/Manifest.lock\" > /dev/null\nif [[ $? != 0 ]] ; then\n    cat << EOM\nerror: The sandbox is not in sync with the Podfile.lock. Run 'pod install' or update your CocoaPods installation.\nEOM\n    exit 1\nfi\n";
			showEnvVarsInLog = 0;
		};
/* End PBXShellScriptBuildPhase section */

/* Begin PBXSourcesBuildPhase section */
		BE25EB2B1C44FC5F00068309 /* Sources */ = {
			isa = PBXSourcesBuildPhase;
			buildActionMask = 2147483647;
			files = (
				BE25EBA21C44FD9200068309 /* UIImage+Camera.m in Sources */,
				BE25EC161C4501C000068309 /* BaseViewController.m in Sources */,
				BE25EBAD1C44FDA500068309 /* SystemHandler.m in Sources */,
				37E1DDDC1C4DDA8A00245BE6 /* MyCell.m in Sources */,
				37E1DDD11C4DD92600245BE6 /* ChangePasswordController.m in Sources */,
				BE25EB9F1C44FD9200068309 /* NSString+Verify.m in Sources */,
				BE25EBA51C44FD9200068309 /* UIView+GestureRecognizer.m in Sources */,
				BE25EBA01C44FD9200068309 /* NSURL+Path.m in Sources */,
				BE25EB371C44FC5F00068309 /* AppDelegate.m in Sources */,
				BE25EB981C44FD9200068309 /* NSCalendar+FSExtension.m in Sources */,
				37E1DDD51C4DD92600245BE6 /* SettingViewController.m in Sources */,
				37033E351C4C9033009F27DB /* LoginViewController.m in Sources */,
				BE25EB6D1C44FD8500068309 /* APIClient.m in Sources */,
				BE25EB9D1C44FD9200068309 /* NSString+Size.m in Sources */,
				BE25EBA61C44FD9200068309 /* UIView+Image.m in Sources */,
				37033E331C4C9033009F27DB /* ForgetViewController.m in Sources */,
				37E1DDC51C4DD92600245BE6 /* MyBookingViewController.m in Sources */,
				BE25EB6F1C44FD8500068309 /* APIResult.m in Sources */,
				37033E4A1C4CB7EC009F27DB /* SigningViewController.m in Sources */,
				BE25EBB11C44FDB300068309 /* TimerHelper.m in Sources */,
				BE25EB991C44FD9200068309 /* NSDate+CalendarLogic.m in Sources */,
				37E1DE101C4E149800245BE6 /* ApiFindPassWord.m in Sources */,
				37033E421C4C910B009F27DB /* ApiLoginRequest.m in Sources */,
				37E1DDF41C4DDD8C00245BE6 /* MyStudentViewController.m in Sources */,
				37E1DE021C4DE29500245BE6 /* HomeViewController.m in Sources */,
				37E1DE0C1C4DE2CC00245BE6 /* TopViewController.m in Sources */,
				37033E401C4C910B009F27DB /* ApiAuthenCode.m in Sources */,
				37E1DDD31C4DD92600245BE6 /* FeedbackViewController.m in Sources */,
				37E1DDCF1C4DD92600245BE6 /* AboutViewController.m in Sources */,
				BE25EB9E1C44FD9200068309 /* NSString+Validation.m in Sources */,
				BE25EBA31C44FD9200068309 /* UIImage+Video.m in Sources */,
				BE25EB6E1C44FD8500068309 /* APIRequest.m in Sources */,
				37033E461C4C914C009F27DB /* JKCountDownButton.m in Sources */,
				37E1DDCB1C4DD92600245BE6 /* MyMessageViewController.m in Sources */,
				BE25EBA41C44FD9200068309 /* UIView+Frame.m in Sources */,
				37E1DE191C4E241500245BE6 /* ApiRegisterRequest.m in Sources */,
				37E1DDEF1C4DDD7400245BE6 /* MyPushMessageViewController.m in Sources */,
				37E1DDFA1C4DDE3C00245BE6 /* MyFollowViewController.m in Sources */,
				37E1DE761C4E3FFF00245BE6 /* ZHPickView.m in Sources */,
				BE25EBFB1C44FDFE00068309 /* UIScrollView+TPKeyboardAvoidingAdditions.m in Sources */,
				BE25EBF81C44FDFE00068309 /* TPKeyboardAvoidingCollectionView.m in Sources */,
				37033E371C4C9033009F27DB /* RegisterViewController.m in Sources */,
				BE25EB341C44FC5F00068309 /* main.m in Sources */,
				BE25EBF91C44FDFE00068309 /* TPKeyboardAvoidingScrollView.m in Sources */,
				37E1DE071C4DE2B200245BE6 /* DiscoverViewController.m in Sources */,
				BE25EC021C45018800068309 /* ValueUtils.m in Sources */,
				37033E411C4C910B009F27DB /* ApiLoginOutRequest.m in Sources */,
				BE25EBC11C44FDC700068309 /* AlertViewManager.m in Sources */,
				BE25EBA11C44FD9200068309 /* UIColor+NSString.m in Sources */,
				37E1DDC31C4DD92600245BE6 /* PersonDetailController.m in Sources */,
				BE25EBC21C44FDC700068309 /* HUDManager.m in Sources */,
				37E1DDEA1C4DDD5800245BE6 /* MyClassTeacherViewController.m in Sources */,
				37E1DDCD1C4DD92600245BE6 /* MyViewController.m in Sources */,
				BE25EB9C1C44FD9200068309 /* NSString+Security.m in Sources */,
				BE25EB9A1C44FD9200068309 /* NSDate+FSExtension.m in Sources */,
				37033E4F1C4CBBCA009F27DB /* SubmitInfoViewController.m in Sources */,
				BE25EB9B1C44FD9200068309 /* NSString+Device.m in Sources */,
				37E1DDE51C4DDD3E00245BE6 /* MyClassViewController.m in Sources */,
				BE25EBFA1C44FDFE00068309 /* TPKeyboardAvoidingTableView.m in Sources */,
			);
			runOnlyForDeploymentPostprocessing = 0;
		};
		BE25EB441C44FC5F00068309 /* Sources */ = {
			isa = PBXSourcesBuildPhase;
			buildActionMask = 2147483647;
			files = (
				BE25EB4D1C44FC5F00068309 /* iWantuo_OrganizationTests.m in Sources */,
			);
			runOnlyForDeploymentPostprocessing = 0;
		};
		BE25EB4F1C44FC5F00068309 /* Sources */ = {
			isa = PBXSourcesBuildPhase;
			buildActionMask = 2147483647;
			files = (
				BE25EB581C44FC5F00068309 /* iWantuo_OrganizationUITests.m in Sources */,
			);
			runOnlyForDeploymentPostprocessing = 0;
		};
/* End PBXSourcesBuildPhase section */

/* Begin PBXTargetDependency section */
		BE25EB4A1C44FC5F00068309 /* PBXTargetDependency */ = {
			isa = PBXTargetDependency;
			target = BE25EB2E1C44FC5F00068309 /* iWantuo_Organization */;
			targetProxy = BE25EB491C44FC5F00068309 /* PBXContainerItemProxy */;
		};
		BE25EB551C44FC5F00068309 /* PBXTargetDependency */ = {
			isa = PBXTargetDependency;
			target = BE25EB2E1C44FC5F00068309 /* iWantuo_Organization */;
			targetProxy = BE25EB541C44FC5F00068309 /* PBXContainerItemProxy */;
		};
/* End PBXTargetDependency section */

/* Begin PBXVariantGroup section */
		BE25EB401C44FC5F00068309 /* LaunchScreen.storyboard */ = {
			isa = PBXVariantGroup;
			children = (
				BE25EB411C44FC5F00068309 /* Base */,
			);
			name = LaunchScreen.storyboard;
			sourceTree = "<group>";
		};
/* End PBXVariantGroup section */

/* Begin XCBuildConfiguration section */
		BE25EB5A1C44FC5F00068309 /* Debug */ = {
			isa = XCBuildConfiguration;
			buildSettings = {
				ALWAYS_SEARCH_USER_PATHS = NO;
				CLANG_CXX_LANGUAGE_STANDARD = "gnu++0x";
				CLANG_CXX_LIBRARY = "libc++";
				CLANG_ENABLE_MODULES = YES;
				CLANG_ENABLE_OBJC_ARC = YES;
				CLANG_WARN_BOOL_CONVERSION = YES;
				CLANG_WARN_CONSTANT_CONVERSION = YES;
				CLANG_WARN_DIRECT_OBJC_ISA_USAGE = YES_ERROR;
				CLANG_WARN_EMPTY_BODY = YES;
				CLANG_WARN_ENUM_CONVERSION = YES;
				CLANG_WARN_INT_CONVERSION = YES;
				CLANG_WARN_OBJC_ROOT_CLASS = YES_ERROR;
				CLANG_WARN_UNREACHABLE_CODE = YES;
				CLANG_WARN__DUPLICATE_METHOD_MATCH = YES;
				"CODE_SIGN_IDENTITY[sdk=iphoneos*]" = "iPhone Developer";
				COPY_PHASE_STRIP = NO;
				DEBUG_INFORMATION_FORMAT = dwarf;
				ENABLE_STRICT_OBJC_MSGSEND = YES;
				ENABLE_TESTABILITY = YES;
				GCC_C_LANGUAGE_STANDARD = gnu99;
				GCC_DYNAMIC_NO_PIC = NO;
				GCC_NO_COMMON_BLOCKS = YES;
				GCC_OPTIMIZATION_LEVEL = 0;
				GCC_PREPROCESSOR_DEFINITIONS = (
					"DEBUG=1",
					"$(inherited)",
				);
				GCC_WARN_64_TO_32_BIT_CONVERSION = YES;
				GCC_WARN_ABOUT_RETURN_TYPE = YES_ERROR;
				GCC_WARN_UNDECLARED_SELECTOR = YES;
				GCC_WARN_UNINITIALIZED_AUTOS = YES_AGGRESSIVE;
				GCC_WARN_UNUSED_FUNCTION = YES;
				GCC_WARN_UNUSED_VARIABLE = YES;
				IPHONEOS_DEPLOYMENT_TARGET = 9.2;
				MTL_ENABLE_DEBUG_INFO = YES;
				ONLY_ACTIVE_ARCH = YES;
				SDKROOT = iphoneos;
			};
			name = Debug;
		};
		BE25EB5B1C44FC5F00068309 /* Release */ = {
			isa = XCBuildConfiguration;
			buildSettings = {
				ALWAYS_SEARCH_USER_PATHS = NO;
				CLANG_CXX_LANGUAGE_STANDARD = "gnu++0x";
				CLANG_CXX_LIBRARY = "libc++";
				CLANG_ENABLE_MODULES = YES;
				CLANG_ENABLE_OBJC_ARC = YES;
				CLANG_WARN_BOOL_CONVERSION = YES;
				CLANG_WARN_CONSTANT_CONVERSION = YES;
				CLANG_WARN_DIRECT_OBJC_ISA_USAGE = YES_ERROR;
				CLANG_WARN_EMPTY_BODY = YES;
				CLANG_WARN_ENUM_CONVERSION = YES;
				CLANG_WARN_INT_CONVERSION = YES;
				CLANG_WARN_OBJC_ROOT_CLASS = YES_ERROR;
				CLANG_WARN_UNREACHABLE_CODE = YES;
				CLANG_WARN__DUPLICATE_METHOD_MATCH = YES;
				"CODE_SIGN_IDENTITY[sdk=iphoneos*]" = "iPhone Developer";
				COPY_PHASE_STRIP = NO;
				DEBUG_INFORMATION_FORMAT = "dwarf-with-dsym";
				ENABLE_NS_ASSERTIONS = NO;
				ENABLE_STRICT_OBJC_MSGSEND = YES;
				GCC_C_LANGUAGE_STANDARD = gnu99;
				GCC_NO_COMMON_BLOCKS = YES;
				GCC_WARN_64_TO_32_BIT_CONVERSION = YES;
				GCC_WARN_ABOUT_RETURN_TYPE = YES_ERROR;
				GCC_WARN_UNDECLARED_SELECTOR = YES;
				GCC_WARN_UNINITIALIZED_AUTOS = YES_AGGRESSIVE;
				GCC_WARN_UNUSED_FUNCTION = YES;
				GCC_WARN_UNUSED_VARIABLE = YES;
				IPHONEOS_DEPLOYMENT_TARGET = 9.2;
				MTL_ENABLE_DEBUG_INFO = NO;
				SDKROOT = iphoneos;
				VALIDATE_PRODUCT = YES;
			};
			name = Release;
		};
		BE25EB5D1C44FC5F00068309 /* Debug */ = {
			isa = XCBuildConfiguration;
			baseConfigurationReference = ACA8CD8FCCEFD0CEA801BB92 /* Pods.debug.xcconfig */;
			buildSettings = {
				ASSETCATALOG_COMPILER_APPICON_NAME = AppIcon;
				FRAMEWORK_SEARCH_PATHS = (
					"$(inherited)",
					"$(PROJECT_DIR)/iWantuo_Organization/Vendors/BaiduMap_IOSSDK_v2.9.1_Lib",
					"$(PROJECT_DIR)/iWantuo_Organization/Vendors/ShareSDK2.12.1/Connection",
					"$(PROJECT_DIR)/iWantuo_Organization/Vendors/ShareSDK2.12.1/Core",
					"$(PROJECT_DIR)/iWantuo_Organization/Vendors/ShareSDK2.12.1",
					"$(PROJECT_DIR)/iWantuo_Organization/Vendors/ShareSDK2.12.1/UI",
				);
				GCC_PREFIX_HEADER = iWantuo_Organization/PrefixHeader.pch;
				INFOPLIST_FILE = iWantuo_Organization/Info.plist;
				LD_RUNPATH_SEARCH_PATHS = "$(inherited) @executable_path/Frameworks";
				LIBRARY_SEARCH_PATHS = (
					"$(inherited)",
					"$(PROJECT_DIR)/iWantuo_Organization/Vendors/ShareSDK2.12.1/Extend/WeChatSDK",
					"$(PROJECT_DIR)/iWantuo_Organization/Vendors/UMAnalytics_Sdk_3.6.7",
					"$(PROJECT_DIR)/iWantuo_Organization/Vendors/GtSdkLib1.3.2",
				);
				PRODUCT_BUNDLE_IDENTIFIER = "UNX.iWantuo-Organization";
				PRODUCT_NAME = "$(TARGET_NAME)";
			};
			name = Debug;
		};
		BE25EB5E1C44FC5F00068309 /* Release */ = {
			isa = XCBuildConfiguration;
			baseConfigurationReference = E11EE862B914DC8D84148A51 /* Pods.release.xcconfig */;
			buildSettings = {
				ASSETCATALOG_COMPILER_APPICON_NAME = AppIcon;
				FRAMEWORK_SEARCH_PATHS = (
					"$(inherited)",
					"$(PROJECT_DIR)/iWantuo_Organization/Vendors/BaiduMap_IOSSDK_v2.9.1_Lib",
					"$(PROJECT_DIR)/iWantuo_Organization/Vendors/ShareSDK2.12.1/Connection",
					"$(PROJECT_DIR)/iWantuo_Organization/Vendors/ShareSDK2.12.1/Core",
					"$(PROJECT_DIR)/iWantuo_Organization/Vendors/ShareSDK2.12.1",
					"$(PROJECT_DIR)/iWantuo_Organization/Vendors/ShareSDK2.12.1/UI",
				);
				GCC_PREFIX_HEADER = iWantuo_Organization/PrefixHeader.pch;
				INFOPLIST_FILE = iWantuo_Organization/Info.plist;
				LD_RUNPATH_SEARCH_PATHS = "$(inherited) @executable_path/Frameworks";
				LIBRARY_SEARCH_PATHS = (
					"$(inherited)",
					"$(PROJECT_DIR)/iWantuo_Organization/Vendors/ShareSDK2.12.1/Extend/WeChatSDK",
					"$(PROJECT_DIR)/iWantuo_Organization/Vendors/UMAnalytics_Sdk_3.6.7",
					"$(PROJECT_DIR)/iWantuo_Organization/Vendors/GtSdkLib1.3.2",
				);
				PRODUCT_BUNDLE_IDENTIFIER = "UNX.iWantuo-Organization";
				PRODUCT_NAME = "$(TARGET_NAME)";
			};
			name = Release;
		};
		BE25EB601C44FC5F00068309 /* Debug */ = {
			isa = XCBuildConfiguration;
			buildSettings = {
				BUNDLE_LOADER = "$(TEST_HOST)";
				INFOPLIST_FILE = iWantuo_OrganizationTests/Info.plist;
				LD_RUNPATH_SEARCH_PATHS = "$(inherited) @executable_path/Frameworks @loader_path/Frameworks";
				PRODUCT_BUNDLE_IDENTIFIER = "UNX.iWantuo-OrganizationTests";
				PRODUCT_NAME = "$(TARGET_NAME)";
				TEST_HOST = "$(BUILT_PRODUCTS_DIR)/iWantuo_Organization.app/iWantuo_Organization";
			};
			name = Debug;
		};
		BE25EB611C44FC5F00068309 /* Release */ = {
			isa = XCBuildConfiguration;
			buildSettings = {
				BUNDLE_LOADER = "$(TEST_HOST)";
				INFOPLIST_FILE = iWantuo_OrganizationTests/Info.plist;
				LD_RUNPATH_SEARCH_PATHS = "$(inherited) @executable_path/Frameworks @loader_path/Frameworks";
				PRODUCT_BUNDLE_IDENTIFIER = "UNX.iWantuo-OrganizationTests";
				PRODUCT_NAME = "$(TARGET_NAME)";
				TEST_HOST = "$(BUILT_PRODUCTS_DIR)/iWantuo_Organization.app/iWantuo_Organization";
			};
			name = Release;
		};
		BE25EB631C44FC5F00068309 /* Debug */ = {
			isa = XCBuildConfiguration;
			buildSettings = {
				INFOPLIST_FILE = iWantuo_OrganizationUITests/Info.plist;
				LD_RUNPATH_SEARCH_PATHS = "$(inherited) @executable_path/Frameworks @loader_path/Frameworks";
				PRODUCT_BUNDLE_IDENTIFIER = "UNX.iWantuo-OrganizationUITests";
				PRODUCT_NAME = "$(TARGET_NAME)";
				TEST_TARGET_NAME = iWantuo_Organization;
				USES_XCTRUNNER = YES;
			};
			name = Debug;
		};
		BE25EB641C44FC5F00068309 /* Release */ = {
			isa = XCBuildConfiguration;
			buildSettings = {
				INFOPLIST_FILE = iWantuo_OrganizationUITests/Info.plist;
				LD_RUNPATH_SEARCH_PATHS = "$(inherited) @executable_path/Frameworks @loader_path/Frameworks";
				PRODUCT_BUNDLE_IDENTIFIER = "UNX.iWantuo-OrganizationUITests";
				PRODUCT_NAME = "$(TARGET_NAME)";
				TEST_TARGET_NAME = iWantuo_Organization;
				USES_XCTRUNNER = YES;
			};
			name = Release;
		};
/* End XCBuildConfiguration section */

/* Begin XCConfigurationList section */
		BE25EB2A1C44FC5F00068309 /* Build configuration list for PBXProject "iWantuo_Organization" */ = {
			isa = XCConfigurationList;
			buildConfigurations = (
				BE25EB5A1C44FC5F00068309 /* Debug */,
				BE25EB5B1C44FC5F00068309 /* Release */,
			);
			defaultConfigurationIsVisible = 0;
			defaultConfigurationName = Release;
		};
		BE25EB5C1C44FC5F00068309 /* Build configuration list for PBXNativeTarget "iWantuo_Organization" */ = {
			isa = XCConfigurationList;
			buildConfigurations = (
				BE25EB5D1C44FC5F00068309 /* Debug */,
				BE25EB5E1C44FC5F00068309 /* Release */,
			);
			defaultConfigurationIsVisible = 0;
			defaultConfigurationName = Release;
		};
		BE25EB5F1C44FC5F00068309 /* Build configuration list for PBXNativeTarget "iWantuo_OrganizationTests" */ = {
			isa = XCConfigurationList;
			buildConfigurations = (
				BE25EB601C44FC5F00068309 /* Debug */,
				BE25EB611C44FC5F00068309 /* Release */,
			);
			defaultConfigurationIsVisible = 0;
			defaultConfigurationName = Release;
		};
		BE25EB621C44FC5F00068309 /* Build configuration list for PBXNativeTarget "iWantuo_OrganizationUITests" */ = {
			isa = XCConfigurationList;
			buildConfigurations = (
				BE25EB631C44FC5F00068309 /* Debug */,
				BE25EB641C44FC5F00068309 /* Release */,
			);
			defaultConfigurationIsVisible = 0;
			defaultConfigurationName = Release;
		};
/* End XCConfigurationList section */
	};
	rootObject = BE25EB271C44FC5F00068309 /* Project object */;
}
